// !$*UTF8*$!
{
	archiveVersion = 1;
	classes = {
	};
	objectVersion = 46;
	objects = {

/* Begin PBXBuildFile section */
		00A265D1E72E2ACBA479B13E8A172E43 /* ViewController.m in Sources */ = {isa = PBXBuildFile; fileRef = 71A44F81AE111CC04878CD49C5E6E129 /* ViewController.m */; };
		123AAF139E695A16596DF325ADC8FD3E /* NotificationCenter.framework in Frameworks */ = {isa = PBXBuildFile; fileRef = 06533F5DC144B57B7FBD294A02EE692D /* NotificationCenter.framework */; };
		1595F6E052B30961C2885DBFA7A961B2 /* LaunchScreen.storyboard in Resources */ = {isa = PBXBuildFile; fileRef = 20B79DEA3F12897AF296001F77BF1507 /* LaunchScreen.storyboard */; };
		17FD8175CF5CA737FAF154E930287CBF /* MobileCoreServices.framework in Frameworks */ = {isa = PBXBuildFile; fileRef = 023F9890AB340E360BA4BE533407EEFF /* MobileCoreServices.framework */; };
		2162993FB4E3A12281F7B75C2B7E3122 /* CoreMotion.framework in Frameworks */ = {isa = PBXBuildFile; fileRef = B16D141D9D0CE7FE6C79EABAE12D181B /* CoreMotion.framework */; };
		2402CE071ED448020098770A /* libPYSearch.a in Frameworks */ = {isa = PBXBuildFile; fileRef = 2402CE061ED448020098770A /* libPYSearch.a */; };
		2402CE091ED448080098770A /* libAFNetworking.a in Frameworks */ = {isa = PBXBuildFile; fileRef = 2402CE081ED448080098770A /* libAFNetworking.a */; };
		2402CE0D1ED4496F0098770A /* TPSiteTableViewController.m in Sources */ = {isa = PBXBuildFile; fileRef = 2402CE0B1ED4496F0098770A /* TPSiteTableViewController.m */; };
		2402CE181ED44F690098770A /* Main.storyboard in Resources */ = {isa = PBXBuildFile; fileRef = 2402CE171ED44F690098770A /* Main.storyboard */; };
		2402CE1A1ED450790098770A /* TPSiteTableViewCell.xib in Resources */ = {isa = PBXBuildFile; fileRef = 2402CE191ED450790098770A /* TPSiteTableViewCell.xib */; };
		2402CE1C1ED451930098770A /* fontawesome-webfont.ttf in Resources */ = {isa = PBXBuildFile; fileRef = 2402CE1B1ED4518D0098770A /* fontawesome-webfont.ttf */; };
		241210EE1ED7EF400066B99C /* TPNoteViewController.m in Sources */ = {isa = PBXBuildFile; fileRef = 241210ED1ED7EF400066B99C /* TPNoteViewController.m */; };
		241210F51ED84CD70066B99C /* TPNoteViewTableViewCell.m in Sources */ = {isa = PBXBuildFile; fileRef = 241210F31ED84CD70066B99C /* TPNoteViewTableViewCell.m */; };
		241210F61ED84CD70066B99C /* TPNoteViewTableViewCell.xib in Resources */ = {isa = PBXBuildFile; fileRef = 241210F41ED84CD70066B99C /* TPNoteViewTableViewCell.xib */; };
		241BC46D1EDFAE2E0056AFCA /* TPVideoManager.m in Sources */ = {isa = PBXBuildFile; fileRef = 241BC46C1EDFAE2E0056AFCA /* TPVideoManager.m */; };
		241BC4701EDFAE370056AFCA /* TPVideo.m in Sources */ = {isa = PBXBuildFile; fileRef = 241BC46F1EDFAE370056AFCA /* TPVideo.m */; };
		241C54601EDDA62000E9E8D7 /* TPNoteCreator.m in Sources */ = {isa = PBXBuildFile; fileRef = 241C545F1EDDA62000E9E8D7 /* TPNoteCreator.m */; };
		24487C4B1EDDB3020009E8E5 /* TPPlayViewController.m in Sources */ = {isa = PBXBuildFile; fileRef = 24487C4A1EDDB3020009E8E5 /* TPPlayViewController.m */; };
		24487C4F1EDDB3900009E8E5 /* TPAddTextViewController.m in Sources */ = {isa = PBXBuildFile; fileRef = 24487C4D1EDDB3900009E8E5 /* TPAddTextViewController.m */; };
		24487C501EDDB3900009E8E5 /* TPAddTextViewController.xib in Resources */ = {isa = PBXBuildFile; fileRef = 24487C4E1EDDB3900009E8E5 /* TPAddTextViewController.xib */; };
		24487C551EDE4A620009E8E5 /* DBManager.m in Sources */ = {isa = PBXBuildFile; fileRef = 24487C541EDE4A620009E8E5 /* DBManager.m */; };
		24487C601EDE551D0009E8E5 /* TPSiteTableViewCell.m in Sources */ = {isa = PBXBuildFile; fileRef = 24487C5F1EDE551D0009E8E5 /* TPSiteTableViewCell.m */; };
		24487C681EDE93940009E8E5 /* XCTest.framework in Frameworks */ = {isa = PBXBuildFile; fileRef = 24487C671EDE93940009E8E5 /* XCTest.framework */; settings = {ATTRIBUTES = (Weak, ); }; };
		24487C791EDE96850009E8E5 /* libFMDB.a in Frameworks */ = {isa = PBXBuildFile; fileRef = 24487C771EDE95F40009E8E5 /* libFMDB.a */; };
		24487C9D1EDE9D120009E8E5 /* TriploreTests.m in Sources */ = {isa = PBXBuildFile; fileRef = 24487C9C1EDE9D120009E8E5 /* TriploreTests.m */; };
		24487CA61EDE9FC90009E8E5 /* TPNoteManager.m in Sources */ = {isa = PBXBuildFile; fileRef = 24487CA51EDE9FC90009E8E5 /* TPNoteManager.m */; };
		24487CA91EDEB9780009E8E5 /* TPNote.m in Sources */ = {isa = PBXBuildFile; fileRef = 24487CA81EDEB9780009E8E5 /* TPNote.m */; };
		24487CAD1EDEBD6E0009E8E5 /* TPNoteCollectionViewCell+Configure.m in Sources */ = {isa = PBXBuildFile; fileRef = 24487CAC1EDEBD6E0009E8E5 /* TPNoteCollectionViewCell+Configure.m */; };
		2489FF1A1EDEE951002DCEA0 /* UIImage+Extend.m in Sources */ = {isa = PBXBuildFile; fileRef = 2489FF191EDEE951002DCEA0 /* UIImage+Extend.m */; };
		24B810861ED700B500CD7DC4 /* TPMeTableViewCell.m in Sources */ = {isa = PBXBuildFile; fileRef = 24B810841ED700B500CD7DC4 /* TPMeTableViewCell.m */; };
		24B810871ED700B500CD7DC4 /* TPMeTableViewCell.xib in Resources */ = {isa = PBXBuildFile; fileRef = 24B810851ED700B500CD7DC4 /* TPMeTableViewCell.xib */; };
		24B8108A1ED700C900CD7DC4 /* TPMeTableViewController.m in Sources */ = {isa = PBXBuildFile; fileRef = 24B810891ED700C900CD7DC4 /* TPMeTableViewController.m */; };
		24B8108E1ED7138900CD7DC4 /* TPNoteCollectionViewController.m in Sources */ = {isa = PBXBuildFile; fileRef = 24B8108D1ED7138900CD7DC4 /* TPNoteCollectionViewController.m */; };
		24B810921ED7139700CD7DC4 /* TPNoteCollectionViewCell.m in Sources */ = {isa = PBXBuildFile; fileRef = 24B810901ED7139700CD7DC4 /* TPNoteCollectionViewCell.m */; };
		24B810931ED7139700CD7DC4 /* TPNoteCollectionViewCell.xib in Resources */ = {isa = PBXBuildFile; fileRef = 24B810911ED7139700CD7DC4 /* TPNoteCollectionViewCell.xib */; };
		27C0A62EA0EAC355ED024B757BDC7163 /* CoreData.framework in Frameworks */ = {isa = PBXBuildFile; fileRef = 64839A6F781C6ADF65E2BD7DF92CB968 /* CoreData.framework */; };
		29366AD0D8B6E2D2BCAA8CEDAB5C6748 /* AudioToolbox.framework in Frameworks */ = {isa = PBXBuildFile; fileRef = 396E39CB5629CFAC37EFDC74D3B42A0B /* AudioToolbox.framework */; };
		2E7F2997DB3E2BF8FFB3FFDFE3123E96 /* libxml2.tbd in Frameworks */ = {isa = PBXBuildFile; fileRef = AEDB8D376C01FCB1000E034F3F59BFC8 /* libxml2.tbd */; };
		3FC13E15FA442089E035B4ADD36E640C /* Foundation.framework in Frameworks */ = {isa = PBXBuildFile; fileRef = C38C032C4535534575B291AE5BF263DE /* Foundation.framework */; };
		404134107BDD0EFC845D443E98E6E4BC /* ImageIO.framework in Frameworks */ = {isa = PBXBuildFile; fileRef = 8767A3F5A7A86D5F22F365387999B575 /* ImageIO.framework */; };
		44D3C4B23FB21A00969EB5851B6A835C /* AVFoundation.framework in Frameworks */ = {isa = PBXBuildFile; fileRef = 00839F9CD39F1FF9413A121FDD955AD3 /* AVFoundation.framework */; };
		4D4DF78A1EE104430012F476 /* TPCityTableViewController.m in Sources */ = {isa = PBXBuildFile; fileRef = 4D4DF7891EE104430012F476 /* TPCityTableViewController.m */; };
		4D4DF78E1EE1046F0012F476 /* TPCityInfoTableViewCell.m in Sources */ = {isa = PBXBuildFile; fileRef = 4D4DF78C1EE1046F0012F476 /* TPCityInfoTableViewCell.m */; };
		4D4DF78F1EE1046F0012F476 /* TPCityInfoTableViewCell.xib in Resources */ = {isa = PBXBuildFile; fileRef = 4D4DF78D1EE1046F0012F476 /* TPCityInfoTableViewCell.xib */; };
		4D4DF7931EE104920012F476 /* TPCityVideoTableViewCell.m in Sources */ = {isa = PBXBuildFile; fileRef = 4D4DF7911EE104920012F476 /* TPCityVideoTableViewCell.m */; };
		4D4DF7941EE104920012F476 /* TPCityVideoTableViewCell.xib in Resources */ = {isa = PBXBuildFile; fileRef = 4D4DF7921EE104920012F476 /* TPCityVideoTableViewCell.xib */; };
		4D4DF7971EE10A4B0012F476 /* TPCategoryButton.m in Sources */ = {isa = PBXBuildFile; fileRef = 4D4DF7961EE10A4B0012F476 /* TPCategoryButton.m */; };
		4D4DF79B1EE1552C0012F476 /* TPVideoCollectionViewCell.m in Sources */ = {isa = PBXBuildFile; fileRef = 4D4DF7991EE1552C0012F476 /* TPVideoCollectionViewCell.m */; };
		4D4DF79C1EE1552C0012F476 /* TPVideoCollectionViewCell.xib in Resources */ = {isa = PBXBuildFile; fileRef = 4D4DF79A1EE1552C0012F476 /* TPVideoCollectionViewCell.xib */; };
		4D98375B0AFAFE086E84D6444C4F89CD /* AppDelegate.m in Sources */ = {isa = PBXBuildFile; fileRef = 63CDC0EDB85AB41CDA55A41F461F1AB2 /* AppDelegate.m */; };
		4DA4F9E11ED95CA900DA73AA /* TPSiteCollectionViewCell.m in Sources */ = {isa = PBXBuildFile; fileRef = 4DA4F9DF1ED95CA900DA73AA /* TPSiteCollectionViewCell.m */; };
		4DA4F9E21ED95CA900DA73AA /* TPSiteCollectionViewCell.xib in Resources */ = {isa = PBXBuildFile; fileRef = 4DA4F9E01ED95CA900DA73AA /* TPSiteCollectionViewCell.xib */; };
		4DA4F9E81ED971C700DA73AA /* TPSiteSearchViewController.m in Sources */ = {isa = PBXBuildFile; fileRef = 4DA4F9E71ED971C700DA73AA /* TPSiteSearchViewController.m */; };
		4E7460E4FA2A3E17BCEDA339D47F1301 /* Accelerate.framework in Frameworks */ = {isa = PBXBuildFile; fileRef = CC1BCE8E8A3A31FEB938E964A929BCE4 /* Accelerate.framework */; };
		5F6651DD58331620A680E214C4156348 /* VideoToolbox.framework in Frameworks */ = {isa = PBXBuildFile; fileRef = C9AE370A641DC16A476DB3BB1100CFFE /* VideoToolbox.framework */; };
		6B975E58F50BF40D71D495A576232E6A /* Tab.xcassets in Resources */ = {isa = PBXBuildFile; fileRef = 25139507DC2EC1DD4D0CAB080C384E5B /* Tab.xcassets */; };
		70A0643C31E32BD015C761D63F503C21 /* main.m in Sources */ = {isa = PBXBuildFile; fileRef = 78C24628C0C6412E9A13CBB71E045CD0 /* main.m */; };
		7550083F04D66515FABC5CB83E2BF2D2 /* libz.1.tbd in Frameworks */ = {isa = PBXBuildFile; fileRef = 8D44462E957D18A14DE1549D3A23F867 /* libz.1.tbd */; };
		7D1E105C8A8027BA0B10D3F281C72059 /* UIKit.framework in Frameworks */ = {isa = PBXBuildFile; fileRef = 1888FDD983AF552929BAB17BB00FB287 /* UIKit.framework */; };
		8D7699B34374BE8A9967AEC9841918C7 /* AssetsLibrary.framework in Frameworks */ = {isa = PBXBuildFile; fileRef = A35E51830A3ACADCBCF954C023DA3F6E /* AssetsLibrary.framework */; };
		8E1E6F93AF689AD9B1877EC6EAFDDDF3 /* libsqlite3.tbd in Frameworks */ = {isa = PBXBuildFile; fileRef = 6A3C4995EAEE3713E3267D32461EB217 /* libsqlite3.tbd */; };
		90E46E18F9FAFBB93F18E0548EC41D72 /* CoreLocation.framework in Frameworks */ = {isa = PBXBuildFile; fileRef = 009FE6B6AA5E449DBFF2DCBDB11EBA55 /* CoreLocation.framework */; };
		94880C6467C2655554A2E0A0AF3E14DF /* ActivityIndicatorView.m in Sources */ = {isa = PBXBuildFile; fileRef = CE2E1292266AC3575E9F8B4DCD51AE90 /* ActivityIndicatorView.m */; };
		9A14F437BBBAE03A6B023E59A397CD60 /* libav.a in Frameworks */ = {isa = PBXBuildFile; fileRef = 42A73A86EFD2AA39B5EB8842385216CB /* libav.a */; };
		9D44C7EDDF0730733FCFDE0AB5E6F681 /* MediaPlayer.framework in Frameworks */ = {isa = PBXBuildFile; fileRef = D2A9124B4BB5C3DC7A39F445E6A7ADF1 /* MediaPlayer.framework */; };
		9EE4D6978CDCA15CBEB15BCBDC58E206 /* OpenAL.framework in Frameworks */ = {isa = PBXBuildFile; fileRef = DC5D329302F11FE9DEBEDAF06C83D18E /* OpenAL.framework */; };
		A194316DEE3A042B2907C296E627A4F2 /* CoreGraphics.framework in Frameworks */ = {isa = PBXBuildFile; fileRef = F0885822293666BBB560B2D63319B392 /* CoreGraphics.framework */; };
		A280315B5ADF3631BE512A8216B4E08C /* EventKit.framework in Frameworks */ = {isa = PBXBuildFile; fileRef = DE7FB993BCAC6D9D07EEECE0BF761B59 /* EventKit.framework */; };
		A4F35D55475719295D29D091C297CBFF /* libc++.tbd in Frameworks */ = {isa = PBXBuildFile; fileRef = DD3EA4DCC6C0474B9765ABFFD5C507F6 /* libc++.tbd */; };
		A98BE4E1C560B68015483E3B4F7F36E9 /* TPTabBarViewController.m in Sources */ = {isa = PBXBuildFile; fileRef = 42F84E8865C574D03576002EE831A179 /* TPTabBarViewController.m */; };
		B4F59B56EA1482019967900EEFF7E636 /* AdSupport.framework in Frameworks */ = {isa = PBXBuildFile; fileRef = A8AA0D6706E3EDD798E28AD450CFDF4D /* AdSupport.framework */; };
		BAD53723A2715AA31F5E1BF213E07C69 /* libstdc++.tbd in Frameworks */ = {isa = PBXBuildFile; fileRef = ECB8922F02941B5C20501C7C35A189E8 /* libstdc++.tbd */; };
		BD3694EEC982165951AB02047D4C5A8B /* CoreMedia.framework in Frameworks */ = {isa = PBXBuildFile; fileRef = 18B6C9E62BFC95374D89FEB5DBB6234B /* CoreMedia.framework */; };
		C69E28CC393A75EDCC464D0CD1243399 /* JavaScriptCore.framework in Frameworks */ = {isa = PBXBuildFile; fileRef = D88489CFF8784FF458E19F707E1A4C09 /* JavaScriptCore.framework */; };
		C9FB1BD24D9854CA2E8E5E551CE2A127 /* AVKit.framework in Frameworks */ = {isa = PBXBuildFile; fileRef = FD90A432DA9EBB0D11B5BD6D5AAF2833 /* AVKit.framework */; };
		CDF38A61FA0BD611B20A1E7376C384E4 /* MessageUI.framework in Frameworks */ = {isa = PBXBuildFile; fileRef = 6168E06073E16C88CE77FF95A7BCE0CB /* MessageUI.framework */; };
		CEACD9E5CD9E74F123AC13253AF8D409 /* Security.framework in Frameworks */ = {isa = PBXBuildFile; fileRef = 6B2C4C05ED78DA6FC8E9A0CF802A5D3C /* Security.framework */; };
		CF772AFCAF0457ACAD6655A1117AED8A /* libiconv.tbd in Frameworks */ = {isa = PBXBuildFile; fileRef = 7ACD8D54271EFF475ADE7C23BE0B66A5 /* libiconv.tbd */; };
		D19C293247541A5651047000 /* libPods-Triplore.a in Frameworks */ = {isa = PBXBuildFile; fileRef = 3675D0A9F2445514D4DAC5DC /* libPods-Triplore.a */; };
		D2E935BC39241EFBCB51C7520B92299C /* CFNetwork.framework in Frameworks */ = {isa = PBXBuildFile; fileRef = D32F2D51E7F37689AC5ADF207FAE092F /* CFNetwork.framework */; };
		D6B2B29A364FA0B9C8F8303D34EC29FA /* GLKit.framework in Frameworks */ = {isa = PBXBuildFile; fileRef = 8B08D2688BCADB02F86BD69F98CF5449 /* GLKit.framework */; };
		D71ABC99709A56601C5FC2F5 /* libPods-TriploreTests.a in Frameworks */ = {isa = PBXBuildFile; fileRef = 019209B9EFCD5F97509D90FE /* libPods-TriploreTests.a */; };
		DDF9FD8D34D538E7BC11229DE779023D /* SystemConfiguration.framework in Frameworks */ = {isa = PBXBuildFile; fileRef = E0E3D69236D420A532C6764260E20218 /* SystemConfiguration.framework */; };
		E6D54AE6FA5C656629E14E4B96825858 /* Utilities.m in Sources */ = {isa = PBXBuildFile; fileRef = F4EC30A36418A591B6379FCD5FA98AA9 /* Utilities.m */; };
		E70A2AC020B746963BA30B07F71DA267 /* Assets.xcassets in Resources */ = {isa = PBXBuildFile; fileRef = 6337E04F77C4AECDAC564BE066025797 /* Assets.xcassets */; };
		F2EE8659C3C96A44AF0EC86BF1008981 /* CoreTelephony.framework in Frameworks */ = {isa = PBXBuildFile; fileRef = F319113FE7D117F54D65B585D89441FE /* CoreTelephony.framework */; };
		F447465236AFB3FE1A28C0105E2ABE32 /* CoreImage.framework in Frameworks */ = {isa = PBXBuildFile; fileRef = 6A2E218FFE71C1DA8195F72216B0B535 /* CoreImage.framework */; };
		F8575A5AAEDE1387B2452B98440FF107 /* QuartzCore.framework in Frameworks */ = {isa = PBXBuildFile; fileRef = 91098ED3CE79C2A3C1D9352ABA0D3B3B /* QuartzCore.framework */; };
/* End PBXBuildFile section */

/* Begin PBXContainerItemProxy section */
		24487C9F1EDE9D120009E8E5 /* PBXContainerItemProxy */ = {
			isa = PBXContainerItemProxy;
			containerPortal = BB995781A4187BA5B4A8636D16339E49 /* Project object */;
			proxyType = 1;
			remoteGlobalIDString = 797C8388D8C8BBE00F20B818DD62D32B;
			remoteInfo = Triplore;
		};
/* End PBXContainerItemProxy section */

/* Begin PBXFileReference section */
		00839F9CD39F1FF9413A121FDD955AD3 /* AVFoundation.framework */ = {isa = PBXFileReference; lastKnownFileType = wrapper.framework; name = AVFoundation.framework; path = System/Library/Frameworks/AVFoundation.framework; sourceTree = SDKROOT; };
		009FE6B6AA5E449DBFF2DCBDB11EBA55 /* CoreLocation.framework */ = {isa = PBXFileReference; lastKnownFileType = wrapper.framework; name = CoreLocation.framework; path = System/Library/Frameworks/CoreLocation.framework; sourceTree = SDKROOT; };
		019209B9EFCD5F97509D90FE /* libPods-TriploreTests.a */ = {isa = PBXFileReference; explicitFileType = archive.ar; includeInIndex = 0; path = "libPods-TriploreTests.a"; sourceTree = BUILT_PRODUCTS_DIR; };
		01F842711EECE53C7C80558C40CF944A /* Utilities.h */ = {isa = PBXFileReference; fileEncoding = 4; lastKnownFileType = sourcecode.c.h; path = Utilities.h; sourceTree = "<group>"; };
		023F9890AB340E360BA4BE533407EEFF /* MobileCoreServices.framework */ = {isa = PBXFileReference; lastKnownFileType = wrapper.framework; name = MobileCoreServices.framework; path = System/Library/Frameworks/MobileCoreServices.framework; sourceTree = SDKROOT; };
		05691BAB873FDAFD0D28D4BF871AD506 /* ASIAuthenticationDialog.h */ = {isa = PBXFileReference; fileEncoding = 4; lastKnownFileType = sourcecode.c.h; path = ASIAuthenticationDialog.h; sourceTree = "<group>"; };
		06533F5DC144B57B7FBD294A02EE692D /* NotificationCenter.framework */ = {isa = PBXFileReference; lastKnownFileType = wrapper.framework; name = NotificationCenter.framework; path = System/Library/Frameworks/NotificationCenter.framework; sourceTree = SDKROOT; };
		081FCF3BA75D0BDDDC42F865555704C7 /* Triplore.app */ = {isa = PBXFileReference; explicitFileType = wrapper.application; includeInIndex = 0; path = Triplore.app; sourceTree = BUILT_PRODUCTS_DIR; };
		0BD2D6EC6EDA3CC7BF406CB22BC11537 /* ASIFormDataRequest.h */ = {isa = PBXFileReference; fileEncoding = 4; lastKnownFileType = sourcecode.c.h; path = ASIFormDataRequest.h; sourceTree = "<group>"; };
		10F27E0B6E83B9FCE3AFCD10ABAAD941 /* ASIInputStream.h */ = {isa = PBXFileReference; fileEncoding = 4; lastKnownFileType = sourcecode.c.h; path = ASIInputStream.h; sourceTree = "<group>"; };
		1888FDD983AF552929BAB17BB00FB287 /* UIKit.framework */ = {isa = PBXFileReference; lastKnownFileType = wrapper.framework; name = UIKit.framework; path = System/Library/Frameworks/UIKit.framework; sourceTree = SDKROOT; };
		18B6C9E62BFC95374D89FEB5DBB6234B /* CoreMedia.framework */ = {isa = PBXFileReference; lastKnownFileType = wrapper.framework; name = CoreMedia.framework; path = System/Library/Frameworks/CoreMedia.framework; sourceTree = SDKROOT; };
		2402CE061ED448020098770A /* libPYSearch.a */ = {isa = PBXFileReference; lastKnownFileType = archive.ar; name = libPYSearch.a; path = "../../../../../Library/Developer/Xcode/DerivedData/Triplore-fyrauxtnzodhgofcrkbtbdkndumz/Build/Products/Debug-iphonesimulator/PYSearch/libPYSearch.a"; sourceTree = "<group>"; };
		2402CE081ED448080098770A /* libAFNetworking.a */ = {isa = PBXFileReference; lastKnownFileType = archive.ar; name = libAFNetworking.a; path = "../../../../../Library/Developer/Xcode/DerivedData/Triplore-fyrauxtnzodhgofcrkbtbdkndumz/Build/Products/Debug-iphonesimulator/AFNetworking/libAFNetworking.a"; sourceTree = "<group>"; };
		2402CE0A1ED4496F0098770A /* TPSiteTableViewController.h */ = {isa = PBXFileReference; fileEncoding = 4; lastKnownFileType = sourcecode.c.h; path = TPSiteTableViewController.h; sourceTree = "<group>"; };
		2402CE0B1ED4496F0098770A /* TPSiteTableViewController.m */ = {isa = PBXFileReference; fileEncoding = 4; lastKnownFileType = sourcecode.c.objc; path = TPSiteTableViewController.m; sourceTree = "<group>"; };
		2402CE171ED44F690098770A /* Main.storyboard */ = {isa = PBXFileReference; fileEncoding = 4; lastKnownFileType = file.storyboard; path = Main.storyboard; sourceTree = "<group>"; };
		2402CE191ED450790098770A /* TPSiteTableViewCell.xib */ = {isa = PBXFileReference; fileEncoding = 4; lastKnownFileType = file.xib; path = TPSiteTableViewCell.xib; sourceTree = "<group>"; };
		2402CE1B1ED4518D0098770A /* fontawesome-webfont.ttf */ = {isa = PBXFileReference; lastKnownFileType = file; path = "fontawesome-webfont.ttf"; sourceTree = "<group>"; };
		241210EC1ED7EF400066B99C /* TPNoteViewController.h */ = {isa = PBXFileReference; fileEncoding = 4; lastKnownFileType = sourcecode.c.h; path = TPNoteViewController.h; sourceTree = "<group>"; };
		241210ED1ED7EF400066B99C /* TPNoteViewController.m */ = {isa = PBXFileReference; fileEncoding = 4; lastKnownFileType = sourcecode.c.objc; path = TPNoteViewController.m; sourceTree = "<group>"; };
		241210F21ED84CD70066B99C /* TPNoteViewTableViewCell.h */ = {isa = PBXFileReference; fileEncoding = 4; lastKnownFileType = sourcecode.c.h; path = TPNoteViewTableViewCell.h; sourceTree = "<group>"; };
		241210F31ED84CD70066B99C /* TPNoteViewTableViewCell.m */ = {isa = PBXFileReference; fileEncoding = 4; lastKnownFileType = sourcecode.c.objc; path = TPNoteViewTableViewCell.m; sourceTree = "<group>"; };
		241210F41ED84CD70066B99C /* TPNoteViewTableViewCell.xib */ = {isa = PBXFileReference; fileEncoding = 4; lastKnownFileType = file.xib; path = TPNoteViewTableViewCell.xib; sourceTree = "<group>"; };
		241BC46B1EDFAE2E0056AFCA /* TPVideoManager.h */ = {isa = PBXFileReference; fileEncoding = 4; lastKnownFileType = sourcecode.c.h; path = TPVideoManager.h; sourceTree = "<group>"; };
		241BC46C1EDFAE2E0056AFCA /* TPVideoManager.m */ = {isa = PBXFileReference; fileEncoding = 4; lastKnownFileType = sourcecode.c.objc; path = TPVideoManager.m; sourceTree = "<group>"; };
		241BC46E1EDFAE370056AFCA /* TPVideo.h */ = {isa = PBXFileReference; fileEncoding = 4; lastKnownFileType = sourcecode.c.h; path = TPVideo.h; sourceTree = "<group>"; };
		241BC46F1EDFAE370056AFCA /* TPVideo.m */ = {isa = PBXFileReference; fileEncoding = 4; lastKnownFileType = sourcecode.c.objc; path = TPVideo.m; sourceTree = "<group>"; };
		241C545E1EDDA62000E9E8D7 /* TPNoteCreator.h */ = {isa = PBXFileReference; fileEncoding = 4; lastKnownFileType = sourcecode.c.h; path = TPNoteCreator.h; sourceTree = "<group>"; };
		241C545F1EDDA62000E9E8D7 /* TPNoteCreator.m */ = {isa = PBXFileReference; fileEncoding = 4; lastKnownFileType = sourcecode.c.objc; path = TPNoteCreator.m; sourceTree = "<group>"; };
		24487C491EDDB3020009E8E5 /* TPPlayViewController.h */ = {isa = PBXFileReference; fileEncoding = 4; lastKnownFileType = sourcecode.c.h; path = TPPlayViewController.h; sourceTree = "<group>"; };
		24487C4A1EDDB3020009E8E5 /* TPPlayViewController.m */ = {isa = PBXFileReference; fileEncoding = 4; lastKnownFileType = sourcecode.c.objc; path = TPPlayViewController.m; sourceTree = "<group>"; };
		24487C4C1EDDB3900009E8E5 /* TPAddTextViewController.h */ = {isa = PBXFileReference; fileEncoding = 4; lastKnownFileType = sourcecode.c.h; path = TPAddTextViewController.h; sourceTree = "<group>"; };
		24487C4D1EDDB3900009E8E5 /* TPAddTextViewController.m */ = {isa = PBXFileReference; fileEncoding = 4; lastKnownFileType = sourcecode.c.objc; path = TPAddTextViewController.m; sourceTree = "<group>"; };
		24487C4E1EDDB3900009E8E5 /* TPAddTextViewController.xib */ = {isa = PBXFileReference; fileEncoding = 4; lastKnownFileType = file.xib; path = TPAddTextViewController.xib; sourceTree = "<group>"; };
		24487C531EDE4A620009E8E5 /* DBManager.h */ = {isa = PBXFileReference; fileEncoding = 4; lastKnownFileType = sourcecode.c.h; path = DBManager.h; sourceTree = "<group>"; };
		24487C541EDE4A620009E8E5 /* DBManager.m */ = {isa = PBXFileReference; fileEncoding = 4; lastKnownFileType = sourcecode.c.objc; path = DBManager.m; sourceTree = "<group>"; };
		24487C561EDE4AE10009E8E5 /* Triplore.entitlements */ = {isa = PBXFileReference; lastKnownFileType = text.plist.entitlements; path = Triplore.entitlements; sourceTree = "<group>"; };
		24487C5E1EDE551D0009E8E5 /* TPSiteTableViewCell.h */ = {isa = PBXFileReference; fileEncoding = 4; lastKnownFileType = sourcecode.c.h; path = TPSiteTableViewCell.h; sourceTree = "<group>"; };
		24487C5F1EDE551D0009E8E5 /* TPSiteTableViewCell.m */ = {isa = PBXFileReference; fileEncoding = 4; lastKnownFileType = sourcecode.c.objc; path = TPSiteTableViewCell.m; sourceTree = "<group>"; };
		24487C621EDE63E30009E8E5 /* QYAVPlayerController.h */ = {isa = PBXFileReference; lastKnownFileType = sourcecode.c.h; path = QYAVPlayerController.h; sourceTree = "<group>"; };
		24487C631EDE66720009E8E5 /* PlayerController.h */ = {isa = PBXFileReference; fileEncoding = 4; lastKnownFileType = sourcecode.c.h; path = PlayerController.h; sourceTree = "<group>"; };
		24487C671EDE93940009E8E5 /* XCTest.framework */ = {isa = PBXFileReference; lastKnownFileType = wrapper.framework; name = XCTest.framework; path = Platforms/iPhoneOS.platform/Developer/Library/Frameworks/XCTest.framework; sourceTree = DEVELOPER_DIR; };
		24487C771EDE95F40009E8E5 /* libFMDB.a */ = {isa = PBXFileReference; lastKnownFileType = archive.ar; name = libFMDB.a; path = "../../../../../Library/Developer/Xcode/DerivedData/Triplore-fyrauxtnzodhgofcrkbtbdkndumz/Build/Products/Debug-iphonesimulator/FMDB/libFMDB.a"; sourceTree = "<group>"; };
		24487C9A1EDE9D120009E8E5 /* TriploreTests.xctest */ = {isa = PBXFileReference; explicitFileType = wrapper.cfbundle; includeInIndex = 0; path = TriploreTests.xctest; sourceTree = BUILT_PRODUCTS_DIR; };
		24487C9C1EDE9D120009E8E5 /* TriploreTests.m */ = {isa = PBXFileReference; lastKnownFileType = sourcecode.c.objc; path = TriploreTests.m; sourceTree = "<group>"; };
		24487C9E1EDE9D120009E8E5 /* Info.plist */ = {isa = PBXFileReference; lastKnownFileType = text.plist.xml; path = Info.plist; sourceTree = "<group>"; };
		24487CA41EDE9FC90009E8E5 /* TPNoteManager.h */ = {isa = PBXFileReference; fileEncoding = 4; lastKnownFileType = sourcecode.c.h; path = TPNoteManager.h; sourceTree = "<group>"; };
		24487CA51EDE9FC90009E8E5 /* TPNoteManager.m */ = {isa = PBXFileReference; fileEncoding = 4; lastKnownFileType = sourcecode.c.objc; path = TPNoteManager.m; sourceTree = "<group>"; };
		24487CA71EDEB9780009E8E5 /* TPNote.h */ = {isa = PBXFileReference; fileEncoding = 4; lastKnownFileType = sourcecode.c.h; path = TPNote.h; sourceTree = "<group>"; };
		24487CA81EDEB9780009E8E5 /* TPNote.m */ = {isa = PBXFileReference; fileEncoding = 4; lastKnownFileType = sourcecode.c.objc; path = TPNote.m; sourceTree = "<group>"; };
		24487CAB1EDEBD6E0009E8E5 /* TPNoteCollectionViewCell+Configure.h */ = {isa = PBXFileReference; fileEncoding = 4; lastKnownFileType = sourcecode.c.h; path = "TPNoteCollectionViewCell+Configure.h"; sourceTree = "<group>"; };
		24487CAC1EDEBD6E0009E8E5 /* TPNoteCollectionViewCell+Configure.m */ = {isa = PBXFileReference; fileEncoding = 4; lastKnownFileType = sourcecode.c.objc; path = "TPNoteCollectionViewCell+Configure.m"; sourceTree = "<group>"; };
		2489FF181EDEE951002DCEA0 /* UIImage+Extend.h */ = {isa = PBXFileReference; fileEncoding = 4; lastKnownFileType = sourcecode.c.h; path = "UIImage+Extend.h"; sourceTree = "<group>"; };
		2489FF191EDEE951002DCEA0 /* UIImage+Extend.m */ = {isa = PBXFileReference; fileEncoding = 4; lastKnownFileType = sourcecode.c.objc; path = "UIImage+Extend.m"; sourceTree = "<group>"; };
		24B810831ED700B500CD7DC4 /* TPMeTableViewCell.h */ = {isa = PBXFileReference; fileEncoding = 4; lastKnownFileType = sourcecode.c.h; path = TPMeTableViewCell.h; sourceTree = "<group>"; };
		24B810841ED700B500CD7DC4 /* TPMeTableViewCell.m */ = {isa = PBXFileReference; fileEncoding = 4; lastKnownFileType = sourcecode.c.objc; path = TPMeTableViewCell.m; sourceTree = "<group>"; };
		24B810851ED700B500CD7DC4 /* TPMeTableViewCell.xib */ = {isa = PBXFileReference; fileEncoding = 4; lastKnownFileType = file.xib; path = TPMeTableViewCell.xib; sourceTree = "<group>"; };
		24B810881ED700C900CD7DC4 /* TPMeTableViewController.h */ = {isa = PBXFileReference; fileEncoding = 4; lastKnownFileType = sourcecode.c.h; path = TPMeTableViewController.h; sourceTree = "<group>"; };
		24B810891ED700C900CD7DC4 /* TPMeTableViewController.m */ = {isa = PBXFileReference; fileEncoding = 4; lastKnownFileType = sourcecode.c.objc; path = TPMeTableViewController.m; sourceTree = "<group>"; };
		24B8108C1ED7138900CD7DC4 /* TPNoteCollectionViewController.h */ = {isa = PBXFileReference; fileEncoding = 4; lastKnownFileType = sourcecode.c.h; path = TPNoteCollectionViewController.h; sourceTree = "<group>"; };
		24B8108D1ED7138900CD7DC4 /* TPNoteCollectionViewController.m */ = {isa = PBXFileReference; fileEncoding = 4; lastKnownFileType = sourcecode.c.objc; path = TPNoteCollectionViewController.m; sourceTree = "<group>"; };
		24B8108F1ED7139700CD7DC4 /* TPNoteCollectionViewCell.h */ = {isa = PBXFileReference; fileEncoding = 4; lastKnownFileType = sourcecode.c.h; path = TPNoteCollectionViewCell.h; sourceTree = "<group>"; };
		24B810901ED7139700CD7DC4 /* TPNoteCollectionViewCell.m */ = {isa = PBXFileReference; fileEncoding = 4; lastKnownFileType = sourcecode.c.objc; path = TPNoteCollectionViewCell.m; sourceTree = "<group>"; };
		24B810911ED7139700CD7DC4 /* TPNoteCollectionViewCell.xib */ = {isa = PBXFileReference; fileEncoding = 4; lastKnownFileType = file.xib; path = TPNoteCollectionViewCell.xib; sourceTree = "<group>"; };
		25139507DC2EC1DD4D0CAB080C384E5B /* Tab.xcassets */ = {isa = PBXFileReference; lastKnownFileType = folder.assetcatalog; path = Tab.xcassets; sourceTree = "<group>"; };
		3675D0A9F2445514D4DAC5DC /* libPods-Triplore.a */ = {isa = PBXFileReference; explicitFileType = archive.ar; includeInIndex = 0; path = "libPods-Triplore.a"; sourceTree = BUILT_PRODUCTS_DIR; };
		396E39CB5629CFAC37EFDC74D3B42A0B /* AudioToolbox.framework */ = {isa = PBXFileReference; lastKnownFileType = wrapper.framework; name = AudioToolbox.framework; path = System/Library/Frameworks/AudioToolbox.framework; sourceTree = SDKROOT; };
		42A73A86EFD2AA39B5EB8842385216CB /* libav.a */ = {isa = PBXFileReference; lastKnownFileType = archive.ar; path = libav.a; sourceTree = "<group>"; };
		42F84E8865C574D03576002EE831A179 /* TPTabBarViewController.m */ = {isa = PBXFileReference; fileEncoding = 4; lastKnownFileType = sourcecode.c.objc; path = TPTabBarViewController.m; sourceTree = "<group>"; };
		4D4DF7881EE104430012F476 /* TPCityTableViewController.h */ = {isa = PBXFileReference; fileEncoding = 4; lastKnownFileType = sourcecode.c.h; path = TPCityTableViewController.h; sourceTree = "<group>"; };
		4D4DF7891EE104430012F476 /* TPCityTableViewController.m */ = {isa = PBXFileReference; fileEncoding = 4; lastKnownFileType = sourcecode.c.objc; path = TPCityTableViewController.m; sourceTree = "<group>"; };
		4D4DF78B1EE1046F0012F476 /* TPCityInfoTableViewCell.h */ = {isa = PBXFileReference; fileEncoding = 4; lastKnownFileType = sourcecode.c.h; path = TPCityInfoTableViewCell.h; sourceTree = "<group>"; };
		4D4DF78C1EE1046F0012F476 /* TPCityInfoTableViewCell.m */ = {isa = PBXFileReference; fileEncoding = 4; lastKnownFileType = sourcecode.c.objc; path = TPCityInfoTableViewCell.m; sourceTree = "<group>"; };
		4D4DF78D1EE1046F0012F476 /* TPCityInfoTableViewCell.xib */ = {isa = PBXFileReference; fileEncoding = 4; lastKnownFileType = file.xib; path = TPCityInfoTableViewCell.xib; sourceTree = "<group>"; };
		4D4DF7901EE104920012F476 /* TPCityVideoTableViewCell.h */ = {isa = PBXFileReference; fileEncoding = 4; lastKnownFileType = sourcecode.c.h; path = TPCityVideoTableViewCell.h; sourceTree = "<group>"; };
		4D4DF7911EE104920012F476 /* TPCityVideoTableViewCell.m */ = {isa = PBXFileReference; fileEncoding = 4; lastKnownFileType = sourcecode.c.objc; path = TPCityVideoTableViewCell.m; sourceTree = "<group>"; };
		4D4DF7921EE104920012F476 /* TPCityVideoTableViewCell.xib */ = {isa = PBXFileReference; fileEncoding = 4; lastKnownFileType = file.xib; path = TPCityVideoTableViewCell.xib; sourceTree = "<group>"; };
		4D4DF7951EE10A4B0012F476 /* TPCategoryButton.h */ = {isa = PBXFileReference; fileEncoding = 4; lastKnownFileType = sourcecode.c.h; path = TPCategoryButton.h; sourceTree = "<group>"; };
		4D4DF7961EE10A4B0012F476 /* TPCategoryButton.m */ = {isa = PBXFileReference; fileEncoding = 4; lastKnownFileType = sourcecode.c.objc; path = TPCategoryButton.m; sourceTree = "<group>"; };
		4D4DF7981EE1552C0012F476 /* TPVideoCollectionViewCell.h */ = {isa = PBXFileReference; fileEncoding = 4; lastKnownFileType = sourcecode.c.h; path = TPVideoCollectionViewCell.h; sourceTree = "<group>"; };
		4D4DF7991EE1552C0012F476 /* TPVideoCollectionViewCell.m */ = {isa = PBXFileReference; fileEncoding = 4; lastKnownFileType = sourcecode.c.objc; path = TPVideoCollectionViewCell.m; sourceTree = "<group>"; };
		4D4DF79A1EE1552C0012F476 /* TPVideoCollectionViewCell.xib */ = {isa = PBXFileReference; fileEncoding = 4; lastKnownFileType = file.xib; path = TPVideoCollectionViewCell.xib; sourceTree = "<group>"; };
		4DA4F9DE1ED95CA900DA73AA /* TPSiteCollectionViewCell.h */ = {isa = PBXFileReference; fileEncoding = 4; lastKnownFileType = sourcecode.c.h; path = TPSiteCollectionViewCell.h; sourceTree = "<group>"; };
		4DA4F9DF1ED95CA900DA73AA /* TPSiteCollectionViewCell.m */ = {isa = PBXFileReference; fileEncoding = 4; lastKnownFileType = sourcecode.c.objc; path = TPSiteCollectionViewCell.m; sourceTree = "<group>"; };
		4DA4F9E01ED95CA900DA73AA /* TPSiteCollectionViewCell.xib */ = {isa = PBXFileReference; fileEncoding = 4; lastKnownFileType = file.xib; path = TPSiteCollectionViewCell.xib; sourceTree = "<group>"; };
		4DA4F9E61ED971C700DA73AA /* TPSiteSearchViewController.h */ = {isa = PBXFileReference; fileEncoding = 4; lastKnownFileType = sourcecode.c.h; path = TPSiteSearchViewController.h; sourceTree = "<group>"; };
		4DA4F9E71ED971C700DA73AA /* TPSiteSearchViewController.m */ = {isa = PBXFileReference; fileEncoding = 4; lastKnownFileType = sourcecode.c.objc; path = TPSiteSearchViewController.m; sourceTree = "<group>"; };
		52D7ECA22E4300F8EE4EB5B4B7081D3D /* ASIHTTPRequest.h */ = {isa = PBXFileReference; fileEncoding = 4; lastKnownFileType = sourcecode.c.h; path = ASIHTTPRequest.h; sourceTree = "<group>"; };
		6168E06073E16C88CE77FF95A7BCE0CB /* MessageUI.framework */ = {isa = PBXFileReference; lastKnownFileType = wrapper.framework; name = MessageUI.framework; path = System/Library/Frameworks/MessageUI.framework; sourceTree = SDKROOT; };
		6337E04F77C4AECDAC564BE066025797 /* Assets.xcassets */ = {isa = PBXFileReference; lastKnownFileType = folder.assetcatalog; path = Assets.xcassets; sourceTree = "<group>"; };
		63CDC0EDB85AB41CDA55A41F461F1AB2 /* AppDelegate.m */ = {isa = PBXFileReference; lastKnownFileType = sourcecode.c.objc; path = AppDelegate.m; sourceTree = "<group>"; };
		64839A6F781C6ADF65E2BD7DF92CB968 /* CoreData.framework */ = {isa = PBXFileReference; lastKnownFileType = wrapper.framework; name = CoreData.framework; path = System/Library/Frameworks/CoreData.framework; sourceTree = SDKROOT; };
		6A2E218FFE71C1DA8195F72216B0B535 /* CoreImage.framework */ = {isa = PBXFileReference; lastKnownFileType = wrapper.framework; name = CoreImage.framework; path = System/Library/Frameworks/CoreImage.framework; sourceTree = SDKROOT; };
		6A3C4995EAEE3713E3267D32461EB217 /* libsqlite3.tbd */ = {isa = PBXFileReference; lastKnownFileType = "sourcecode.text-based-dylib-definition"; name = libsqlite3.tbd; path = usr/lib/libsqlite3.tbd; sourceTree = SDKROOT; };
		6B2C4C05ED78DA6FC8E9A0CF802A5D3C /* Security.framework */ = {isa = PBXFileReference; lastKnownFileType = wrapper.framework; name = Security.framework; path = System/Library/Frameworks/Security.framework; sourceTree = SDKROOT; };
		6C3AAB1116E17FBA32913AE768B02417 /* ASIHTTPRequestConfig.h */ = {isa = PBXFileReference; fileEncoding = 4; lastKnownFileType = sourcecode.c.h; path = ASIHTTPRequestConfig.h; sourceTree = "<group>"; };
		71A44F81AE111CC04878CD49C5E6E129 /* ViewController.m */ = {isa = PBXFileReference; lastKnownFileType = sourcecode.c.objc; path = ViewController.m; sourceTree = "<group>"; };
		75BB30CCBAF8CB6D85E127CF /* Pods-TriploreTests.debug.xcconfig */ = {isa = PBXFileReference; includeInIndex = 1; lastKnownFileType = text.xcconfig; name = "Pods-TriploreTests.debug.xcconfig"; path = "Pods/Target Support Files/Pods-TriploreTests/Pods-TriploreTests.debug.xcconfig"; sourceTree = "<group>"; };
		78C24628C0C6412E9A13CBB71E045CD0 /* main.m */ = {isa = PBXFileReference; lastKnownFileType = sourcecode.c.objc; path = main.m; sourceTree = "<group>"; };
		7A1395373683AEE3BB3E93E529BF4BCF /* ASIDownloadCache.h */ = {isa = PBXFileReference; fileEncoding = 4; lastKnownFileType = sourcecode.c.h; path = ASIDownloadCache.h; sourceTree = "<group>"; };
		7ACD8D54271EFF475ADE7C23BE0B66A5 /* libiconv.tbd */ = {isa = PBXFileReference; lastKnownFileType = "sourcecode.text-based-dylib-definition"; name = libiconv.tbd; path = usr/lib/libiconv.tbd; sourceTree = SDKROOT; };
		8767A3F5A7A86D5F22F365387999B575 /* ImageIO.framework */ = {isa = PBXFileReference; lastKnownFileType = wrapper.framework; name = ImageIO.framework; path = System/Library/Frameworks/ImageIO.framework; sourceTree = SDKROOT; };
		8B08D2688BCADB02F86BD69F98CF5449 /* GLKit.framework */ = {isa = PBXFileReference; lastKnownFileType = wrapper.framework; name = GLKit.framework; path = System/Library/Frameworks/GLKit.framework; sourceTree = SDKROOT; };
		8D44462E957D18A14DE1549D3A23F867 /* libz.1.tbd */ = {isa = PBXFileReference; lastKnownFileType = "sourcecode.text-based-dylib-definition"; name = libz.1.tbd; path = usr/lib/libz.1.tbd; sourceTree = SDKROOT; };
		91098ED3CE79C2A3C1D9352ABA0D3B3B /* QuartzCore.framework */ = {isa = PBXFileReference; lastKnownFileType = wrapper.framework; name = QuartzCore.framework; path = System/Library/Frameworks/QuartzCore.framework; sourceTree = SDKROOT; };
		9CA195B63E6F036193069B281699689A /* Pods-Triplore.debug.xcconfig */ = {isa = PBXFileReference; includeInIndex = 1; lastKnownFileType = text.xcconfig; name = "Pods-Triplore.debug.xcconfig"; path = "Pods/Target Support Files/Pods-Triplore/Pods-Triplore.debug.xcconfig"; sourceTree = "<group>"; };
		9ECD146A3EF61AC5AF0940E5EB7D7A94 /* ASIDataDecompressor.h */ = {isa = PBXFileReference; fileEncoding = 4; lastKnownFileType = sourcecode.c.h; path = ASIDataDecompressor.h; sourceTree = "<group>"; };
		A2F46BCEA2D6ABAD893057A8B8B679A0 /* libav.a */ = {isa = PBXFileReference; lastKnownFileType = archive.ar; name = libav.a; path = IOSPlayerLib/libav.a; sourceTree = "<group>"; };
		A35E51830A3ACADCBCF954C023DA3F6E /* AssetsLibrary.framework */ = {isa = PBXFileReference; lastKnownFileType = wrapper.framework; name = AssetsLibrary.framework; path = System/Library/Frameworks/AssetsLibrary.framework; sourceTree = SDKROOT; };
		A3D401709B69183C4810D30100EAA80C /* QYPlayerController.h */ = {isa = PBXFileReference; fileEncoding = 4; lastKnownFileType = sourcecode.c.h; path = QYPlayerController.h; sourceTree = "<group>"; };
		A535AE89645EA4D9CFF1AF6049211570 /* Pods-Triplore.release.xcconfig */ = {isa = PBXFileReference; includeInIndex = 1; lastKnownFileType = text.xcconfig; name = "Pods-Triplore.release.xcconfig"; path = "Pods/Target Support Files/Pods-Triplore/Pods-Triplore.release.xcconfig"; sourceTree = "<group>"; };
		A8AA0D6706E3EDD798E28AD450CFDF4D /* AdSupport.framework */ = {isa = PBXFileReference; lastKnownFileType = wrapper.framework; name = AdSupport.framework; path = System/Library/Frameworks/AdSupport.framework; sourceTree = SDKROOT; };
		AA09709768A120A9932D5579C22ACF3A /* ASIHTTPRequestDelegate.h */ = {isa = PBXFileReference; fileEncoding = 4; lastKnownFileType = sourcecode.c.h; path = ASIHTTPRequestDelegate.h; sourceTree = "<group>"; };
		AEDB8D376C01FCB1000E034F3F59BFC8 /* libxml2.tbd */ = {isa = PBXFileReference; lastKnownFileType = "sourcecode.text-based-dylib-definition"; name = libxml2.tbd; path = usr/lib/libxml2.tbd; sourceTree = SDKROOT; };
		B16D141D9D0CE7FE6C79EABAE12D181B /* CoreMotion.framework */ = {isa = PBXFileReference; lastKnownFileType = wrapper.framework; name = CoreMotion.framework; path = System/Library/Frameworks/CoreMotion.framework; sourceTree = SDKROOT; };
		B27E287C20BA7F37B6051D831C3C2417 /* ActivityIndicatorView.h */ = {isa = PBXFileReference; fileEncoding = 4; lastKnownFileType = sourcecode.c.h; path = ActivityIndicatorView.h; sourceTree = "<group>"; };
		BC85055B36EFDB21FA5F0EC66B510349 /* Info.plist */ = {isa = PBXFileReference; lastKnownFileType = text.plist.xml; path = Info.plist; sourceTree = "<group>"; };
		C0B025B5E3CB855B1FA537B7F6DE61A6 /* ASICacheDelegate.h */ = {isa = PBXFileReference; fileEncoding = 4; lastKnownFileType = sourcecode.c.h; path = ASICacheDelegate.h; sourceTree = "<group>"; };
		C38C032C4535534575B291AE5BF263DE /* Foundation.framework */ = {isa = PBXFileReference; lastKnownFileType = wrapper.framework; name = Foundation.framework; path = System/Library/Frameworks/Foundation.framework; sourceTree = SDKROOT; };
		C5839AAD405152CD1EE44E0E373AD4F9 /* ASINetworkQueue.h */ = {isa = PBXFileReference; fileEncoding = 4; lastKnownFileType = sourcecode.c.h; path = ASINetworkQueue.h; sourceTree = "<group>"; };
		C72C2F25A67FC3D23C593B4C /* Pods-TriploreTests.release.xcconfig */ = {isa = PBXFileReference; includeInIndex = 1; lastKnownFileType = text.xcconfig; name = "Pods-TriploreTests.release.xcconfig"; path = "Pods/Target Support Files/Pods-TriploreTests/Pods-TriploreTests.release.xcconfig"; sourceTree = "<group>"; };
		C9AE370A641DC16A476DB3BB1100CFFE /* VideoToolbox.framework */ = {isa = PBXFileReference; lastKnownFileType = wrapper.framework; name = VideoToolbox.framework; path = System/Library/Frameworks/VideoToolbox.framework; sourceTree = SDKROOT; };
		CC1BCE8E8A3A31FEB938E964A929BCE4 /* Accelerate.framework */ = {isa = PBXFileReference; lastKnownFileType = wrapper.framework; name = Accelerate.framework; path = System/Library/Frameworks/Accelerate.framework; sourceTree = SDKROOT; };
		CE2E1292266AC3575E9F8B4DCD51AE90 /* ActivityIndicatorView.m */ = {isa = PBXFileReference; fileEncoding = 4; lastKnownFileType = sourcecode.c.objc; path = ActivityIndicatorView.m; sourceTree = "<group>"; };
		CEFAA6A02C65FD783B0990FB98EB11CD /* AppDelegate.h */ = {isa = PBXFileReference; lastKnownFileType = sourcecode.c.h; path = AppDelegate.h; sourceTree = "<group>"; };
		D2A9124B4BB5C3DC7A39F445E6A7ADF1 /* MediaPlayer.framework */ = {isa = PBXFileReference; lastKnownFileType = wrapper.framework; name = MediaPlayer.framework; path = System/Library/Frameworks/MediaPlayer.framework; sourceTree = SDKROOT; };
		D32F2D51E7F37689AC5ADF207FAE092F /* CFNetwork.framework */ = {isa = PBXFileReference; lastKnownFileType = wrapper.framework; name = CFNetwork.framework; path = System/Library/Frameworks/CFNetwork.framework; sourceTree = SDKROOT; };
		D332A47B7683CC1A82BE265D89CBEE97 /* Base */ = {isa = PBXFileReference; lastKnownFileType = file.storyboard; name = Base; path = Base.lproj/LaunchScreen.storyboard; sourceTree = "<group>"; };
		D88489CFF8784FF458E19F707E1A4C09 /* JavaScriptCore.framework */ = {isa = PBXFileReference; lastKnownFileType = wrapper.framework; name = JavaScriptCore.framework; path = System/Library/Frameworks/JavaScriptCore.framework; sourceTree = SDKROOT; };
		DC5D329302F11FE9DEBEDAF06C83D18E /* OpenAL.framework */ = {isa = PBXFileReference; lastKnownFileType = wrapper.framework; name = OpenAL.framework; path = System/Library/Frameworks/OpenAL.framework; sourceTree = SDKROOT; };
		DD3EA4DCC6C0474B9765ABFFD5C507F6 /* libc++.tbd */ = {isa = PBXFileReference; lastKnownFileType = "sourcecode.text-based-dylib-definition"; name = "libc++.tbd"; path = "usr/lib/libc++.tbd"; sourceTree = SDKROOT; };
		DE7FB993BCAC6D9D07EEECE0BF761B59 /* EventKit.framework */ = {isa = PBXFileReference; lastKnownFileType = wrapper.framework; name = EventKit.framework; path = System/Library/Frameworks/EventKit.framework; sourceTree = SDKROOT; };
		E05D2C6C4439F41454108B3ACDCBC4DD /* ASIDataCompressor.h */ = {isa = PBXFileReference; fileEncoding = 4; lastKnownFileType = sourcecode.c.h; path = ASIDataCompressor.h; sourceTree = "<group>"; };
		E0E3D69236D420A532C6764260E20218 /* SystemConfiguration.framework */ = {isa = PBXFileReference; lastKnownFileType = wrapper.framework; name = SystemConfiguration.framework; path = System/Library/Frameworks/SystemConfiguration.framework; sourceTree = SDKROOT; };
		E7782443AC3F257BC0763B04B9C1434F /* ASIProgressDelegate.h */ = {isa = PBXFileReference; fileEncoding = 4; lastKnownFileType = sourcecode.c.h; path = ASIProgressDelegate.h; sourceTree = "<group>"; };
		ECB8922F02941B5C20501C7C35A189E8 /* libstdc++.tbd */ = {isa = PBXFileReference; lastKnownFileType = "sourcecode.text-based-dylib-definition"; name = "libstdc++.tbd"; path = "usr/lib/libstdc++.tbd"; sourceTree = SDKROOT; };
		F0885822293666BBB560B2D63319B392 /* CoreGraphics.framework */ = {isa = PBXFileReference; lastKnownFileType = wrapper.framework; name = CoreGraphics.framework; path = System/Library/Frameworks/CoreGraphics.framework; sourceTree = SDKROOT; };
		F319113FE7D117F54D65B585D89441FE /* CoreTelephony.framework */ = {isa = PBXFileReference; lastKnownFileType = wrapper.framework; name = CoreTelephony.framework; path = System/Library/Frameworks/CoreTelephony.framework; sourceTree = SDKROOT; };
		F4EC30A36418A591B6379FCD5FA98AA9 /* Utilities.m */ = {isa = PBXFileReference; fileEncoding = 4; lastKnownFileType = sourcecode.c.objc; path = Utilities.m; sourceTree = "<group>"; };
		F5E9831470293F6C7351E91AB5DA8A30 /* ViewController.h */ = {isa = PBXFileReference; lastKnownFileType = sourcecode.c.h; path = ViewController.h; sourceTree = "<group>"; };
		FA806955211DA83A261A9E3B7BFD6408 /* TPTabBarViewController.h */ = {isa = PBXFileReference; fileEncoding = 4; lastKnownFileType = sourcecode.c.h; path = TPTabBarViewController.h; sourceTree = "<group>"; };
		FD90A432DA9EBB0D11B5BD6D5AAF2833 /* AVKit.framework */ = {isa = PBXFileReference; lastKnownFileType = wrapper.framework; name = AVKit.framework; path = System/Library/Frameworks/AVKit.framework; sourceTree = SDKROOT; };
/* End PBXFileReference section */

/* Begin PBXFrameworksBuildPhase section */
		24487C971EDE9D120009E8E5 /* Frameworks */ = {
			isa = PBXFrameworksBuildPhase;
			buildActionMask = 2147483647;
			files = (
				D71ABC99709A56601C5FC2F5 /* libPods-TriploreTests.a in Frameworks */,
			);
			runOnlyForDeploymentPostprocessing = 0;
		};
		91A8B879D4F17E345FAA956ED5DF748A /* Frameworks */ = {
			isa = PBXFrameworksBuildPhase;
			buildActionMask = 2147483647;
			files = (
				24487C791EDE96850009E8E5 /* libFMDB.a in Frameworks */,
				24487C681EDE93940009E8E5 /* XCTest.framework in Frameworks */,
				2402CE091ED448080098770A /* libAFNetworking.a in Frameworks */,
				2402CE071ED448020098770A /* libPYSearch.a in Frameworks */,
				44D3C4B23FB21A00969EB5851B6A835C /* AVFoundation.framework in Frameworks */,
				C9FB1BD24D9854CA2E8E5E551CE2A127 /* AVKit.framework in Frameworks */,
				4E7460E4FA2A3E17BCEDA339D47F1301 /* Accelerate.framework in Frameworks */,
				B4F59B56EA1482019967900EEFF7E636 /* AdSupport.framework in Frameworks */,
				8D7699B34374BE8A9967AEC9841918C7 /* AssetsLibrary.framework in Frameworks */,
				29366AD0D8B6E2D2BCAA8CEDAB5C6748 /* AudioToolbox.framework in Frameworks */,
				D2E935BC39241EFBCB51C7520B92299C /* CFNetwork.framework in Frameworks */,
				27C0A62EA0EAC355ED024B757BDC7163 /* CoreData.framework in Frameworks */,
				A194316DEE3A042B2907C296E627A4F2 /* CoreGraphics.framework in Frameworks */,
				F447465236AFB3FE1A28C0105E2ABE32 /* CoreImage.framework in Frameworks */,
				90E46E18F9FAFBB93F18E0548EC41D72 /* CoreLocation.framework in Frameworks */,
				BD3694EEC982165951AB02047D4C5A8B /* CoreMedia.framework in Frameworks */,
				2162993FB4E3A12281F7B75C2B7E3122 /* CoreMotion.framework in Frameworks */,
				F2EE8659C3C96A44AF0EC86BF1008981 /* CoreTelephony.framework in Frameworks */,
				A280315B5ADF3631BE512A8216B4E08C /* EventKit.framework in Frameworks */,
				3FC13E15FA442089E035B4ADD36E640C /* Foundation.framework in Frameworks */,
				D6B2B29A364FA0B9C8F8303D34EC29FA /* GLKit.framework in Frameworks */,
				404134107BDD0EFC845D443E98E6E4BC /* ImageIO.framework in Frameworks */,
				C69E28CC393A75EDCC464D0CD1243399 /* JavaScriptCore.framework in Frameworks */,
				9D44C7EDDF0730733FCFDE0AB5E6F681 /* MediaPlayer.framework in Frameworks */,
				CDF38A61FA0BD611B20A1E7376C384E4 /* MessageUI.framework in Frameworks */,
				17FD8175CF5CA737FAF154E930287CBF /* MobileCoreServices.framework in Frameworks */,
				123AAF139E695A16596DF325ADC8FD3E /* NotificationCenter.framework in Frameworks */,
				9EE4D6978CDCA15CBEB15BCBDC58E206 /* OpenAL.framework in Frameworks */,
				F8575A5AAEDE1387B2452B98440FF107 /* QuartzCore.framework in Frameworks */,
				CEACD9E5CD9E74F123AC13253AF8D409 /* Security.framework in Frameworks */,
				DDF9FD8D34D538E7BC11229DE779023D /* SystemConfiguration.framework in Frameworks */,
				7D1E105C8A8027BA0B10D3F281C72059 /* UIKit.framework in Frameworks */,
				5F6651DD58331620A680E214C4156348 /* VideoToolbox.framework in Frameworks */,
				9A14F437BBBAE03A6B023E59A397CD60 /* libav.a in Frameworks */,
				A4F35D55475719295D29D091C297CBFF /* libc++.tbd in Frameworks */,
				CF772AFCAF0457ACAD6655A1117AED8A /* libiconv.tbd in Frameworks */,
				8E1E6F93AF689AD9B1877EC6EAFDDDF3 /* libsqlite3.tbd in Frameworks */,
				BAD53723A2715AA31F5E1BF213E07C69 /* libstdc++.tbd in Frameworks */,
				2E7F2997DB3E2BF8FFB3FFDFE3123E96 /* libxml2.tbd in Frameworks */,
				7550083F04D66515FABC5CB83E2BF2D2 /* libz.1.tbd in Frameworks */,
				D19C293247541A5651047000 /* libPods-Triplore.a in Frameworks */,
			);
			runOnlyForDeploymentPostprocessing = 0;
		};
/* End PBXFrameworksBuildPhase section */

/* Begin PBXGroup section */
		1AC3095A6612B03A93E00DD25B53E49D /* asihttp include */ = {
			isa = PBXGroup;
			children = (
				05691BAB873FDAFD0D28D4BF871AD506 /* ASIAuthenticationDialog.h */,
				C0B025B5E3CB855B1FA537B7F6DE61A6 /* ASICacheDelegate.h */,
				E05D2C6C4439F41454108B3ACDCBC4DD /* ASIDataCompressor.h */,
				9ECD146A3EF61AC5AF0940E5EB7D7A94 /* ASIDataDecompressor.h */,
				7A1395373683AEE3BB3E93E529BF4BCF /* ASIDownloadCache.h */,
				0BD2D6EC6EDA3CC7BF406CB22BC11537 /* ASIFormDataRequest.h */,
				52D7ECA22E4300F8EE4EB5B4B7081D3D /* ASIHTTPRequest.h */,
				6C3AAB1116E17FBA32913AE768B02417 /* ASIHTTPRequestConfig.h */,
				AA09709768A120A9932D5579C22ACF3A /* ASIHTTPRequestDelegate.h */,
				10F27E0B6E83B9FCE3AFCD10ABAAD941 /* ASIInputStream.h */,
				C5839AAD405152CD1EE44E0E373AD4F9 /* ASINetworkQueue.h */,
				E7782443AC3F257BC0763B04B9C1434F /* ASIProgressDelegate.h */,
			);
			path = "asihttp include";
			sourceTree = "<group>";
		};
		1B651AE61FD3EE1F10AF65F7CB239A88 /* Pods */ = {
			isa = PBXGroup;
			children = (
				9CA195B63E6F036193069B281699689A /* Pods-Triplore.debug.xcconfig */,
				A535AE89645EA4D9CFF1AF6049211570 /* Pods-Triplore.release.xcconfig */,
				75BB30CCBAF8CB6D85E127CF /* Pods-TriploreTests.debug.xcconfig */,
				C72C2F25A67FC3D23C593B4C /* Pods-TriploreTests.release.xcconfig */,
			);
			name = Pods;
			sourceTree = "<group>";
		};
		2402CE161ED44DD60098770A /* Site */ = {
			isa = PBXGroup;
			children = (
				2402CE0A1ED4496F0098770A /* TPSiteTableViewController.h */,
				2402CE0B1ED4496F0098770A /* TPSiteTableViewController.m */,
				4DA4F9E61ED971C700DA73AA /* TPSiteSearchViewController.h */,
				4DA4F9E71ED971C700DA73AA /* TPSiteSearchViewController.m */,
				4D4DF7881EE104430012F476 /* TPCityTableViewController.h */,
				4D4DF7891EE104430012F476 /* TPCityTableViewController.m */,
				24487C5E1EDE551D0009E8E5 /* TPSiteTableViewCell.h */,
				24487C5F1EDE551D0009E8E5 /* TPSiteTableViewCell.m */,
				2402CE191ED450790098770A /* TPSiteTableViewCell.xib */,
				4DA4F9DE1ED95CA900DA73AA /* TPSiteCollectionViewCell.h */,
				4DA4F9DF1ED95CA900DA73AA /* TPSiteCollectionViewCell.m */,
				4DA4F9E01ED95CA900DA73AA /* TPSiteCollectionViewCell.xib */,
				4D4DF78B1EE1046F0012F476 /* TPCityInfoTableViewCell.h */,
				4D4DF78C1EE1046F0012F476 /* TPCityInfoTableViewCell.m */,
				4D4DF78D1EE1046F0012F476 /* TPCityInfoTableViewCell.xib */,
				4D4DF7901EE104920012F476 /* TPCityVideoTableViewCell.h */,
				4D4DF7911EE104920012F476 /* TPCityVideoTableViewCell.m */,
				4D4DF7921EE104920012F476 /* TPCityVideoTableViewCell.xib */,
				4D4DF7981EE1552C0012F476 /* TPVideoCollectionViewCell.h */,
				4D4DF7991EE1552C0012F476 /* TPVideoCollectionViewCell.m */,
				4D4DF79A1EE1552C0012F476 /* TPVideoCollectionViewCell.xib */,
				4D4DF7951EE10A4B0012F476 /* TPCategoryButton.h */,
				4D4DF7961EE10A4B0012F476 /* TPCategoryButton.m */,
			);
			name = Site;
			sourceTree = "<group>";
		};
		241BC4711EDFAE3A0056AFCA /* VideoData */ = {
			isa = PBXGroup;
			children = (
				241BC46E1EDFAE370056AFCA /* TPVideo.h */,
				241BC46F1EDFAE370056AFCA /* TPVideo.m */,
				241BC46B1EDFAE2E0056AFCA /* TPVideoManager.h */,
				241BC46C1EDFAE2E0056AFCA /* TPVideoManager.m */,
			);
			name = VideoData;
			sourceTree = "<group>";
		};
		24487C511EDDC7090009E8E5 /* Player */ = {
			isa = PBXGroup;
			children = (
				24487C491EDDB3020009E8E5 /* TPPlayViewController.h */,
				24487C4A1EDDB3020009E8E5 /* TPPlayViewController.m */,
				24487C4C1EDDB3900009E8E5 /* TPAddTextViewController.h */,
				24487C4D1EDDB3900009E8E5 /* TPAddTextViewController.m */,
				24487C4E1EDDB3900009E8E5 /* TPAddTextViewController.xib */,
			);
			name = Player;
			sourceTree = "<group>";
		};
		24487C521EDDC76F0009E8E5 /* Products */ = {
			isa = PBXGroup;
			children = (
				081FCF3BA75D0BDDDC42F865555704C7 /* Triplore.app */,
			);
			name = Products;
			path = Triplore;
			sourceTree = "<group>";
		};
		24487C571EDE53490009E8E5 /* DataBase */ = {
			isa = PBXGroup;
			children = (
				24487C531EDE4A620009E8E5 /* DBManager.h */,
				24487C541EDE4A620009E8E5 /* DBManager.m */,
			);
			name = DataBase;
			sourceTree = "<group>";
		};
		24487C9B1EDE9D120009E8E5 /* TriploreTests */ = {
			isa = PBXGroup;
			children = (
				24487C9C1EDE9D120009E8E5 /* TriploreTests.m */,
				24487C9A1EDE9D120009E8E5 /* TriploreTests.xctest */,
				24487C9E1EDE9D120009E8E5 /* Info.plist */,
			);
			path = TriploreTests;
			sourceTree = "<group>";
		};
		24487CAA1EDEB9E30009E8E5 /* NoteData */ = {
			isa = PBXGroup;
			children = (
				241C545E1EDDA62000E9E8D7 /* TPNoteCreator.h */,
				241C545F1EDDA62000E9E8D7 /* TPNoteCreator.m */,
				24487CA71EDEB9780009E8E5 /* TPNote.h */,
				24487CA81EDEB9780009E8E5 /* TPNote.m */,
				24487CA41EDE9FC90009E8E5 /* TPNoteManager.h */,
				24487CA51EDE9FC90009E8E5 /* TPNoteManager.m */,
			);
			name = NoteData;
			sourceTree = "<group>";
		};
		2489FF1B1EDEE9BF002DCEA0 /* Assistant UI */ = {
			isa = PBXGroup;
			children = (
				B27E287C20BA7F37B6051D831C3C2417 /* ActivityIndicatorView.h */,
				CE2E1292266AC3575E9F8B4DCD51AE90 /* ActivityIndicatorView.m */,
				2489FF181EDEE951002DCEA0 /* UIImage+Extend.h */,
				2489FF191EDEE951002DCEA0 /* UIImage+Extend.m */,
			);
			name = "Assistant UI";
			sourceTree = "<group>";
		};
		24B8108B1ED7039100CD7DC4 /* Me */ = {
			isa = PBXGroup;
			children = (
				24B810881ED700C900CD7DC4 /* TPMeTableViewController.h */,
				24B810891ED700C900CD7DC4 /* TPMeTableViewController.m */,
				24B810831ED700B500CD7DC4 /* TPMeTableViewCell.h */,
				24B810841ED700B500CD7DC4 /* TPMeTableViewCell.m */,
				24B810851ED700B500CD7DC4 /* TPMeTableViewCell.xib */,
			);
			name = Me;
			sourceTree = "<group>";
		};
		24B810941ED7139B00CD7DC4 /* Note */ = {
			isa = PBXGroup;
			children = (
				24B8108C1ED7138900CD7DC4 /* TPNoteCollectionViewController.h */,
				24B8108D1ED7138900CD7DC4 /* TPNoteCollectionViewController.m */,
				24B8108F1ED7139700CD7DC4 /* TPNoteCollectionViewCell.h */,
				24B810901ED7139700CD7DC4 /* TPNoteCollectionViewCell.m */,
				24B810911ED7139700CD7DC4 /* TPNoteCollectionViewCell.xib */,
				24487CAB1EDEBD6E0009E8E5 /* TPNoteCollectionViewCell+Configure.h */,
				24487CAC1EDEBD6E0009E8E5 /* TPNoteCollectionViewCell+Configure.m */,
				241210EC1ED7EF400066B99C /* TPNoteViewController.h */,
				241210ED1ED7EF400066B99C /* TPNoteViewController.m */,
				241210F21ED84CD70066B99C /* TPNoteViewTableViewCell.h */,
				241210F31ED84CD70066B99C /* TPNoteViewTableViewCell.m */,
				241210F41ED84CD70066B99C /* TPNoteViewTableViewCell.xib */,
				24487CAA1EDEB9E30009E8E5 /* NoteData */,
				241BC4711EDFAE3A0056AFCA /* VideoData */,
			);
			name = Note;
			sourceTree = "<group>";
		};
		32C6395C9A80B36A76EE7FB85385A3F0 /* Basic UI */ = {
			isa = PBXGroup;
			children = (
				FA806955211DA83A261A9E3B7BFD6408 /* TPTabBarViewController.h */,
				42F84E8865C574D03576002EE831A179 /* TPTabBarViewController.m */,
			);
			name = "Basic UI";
			sourceTree = "<group>";
		};
		57558A6A7D92773D598A8FDBFC9A6B8F = {
			isa = PBXGroup;
			children = (
				AE7B0A503B5C0627E6732DCEA731DCBD /* Frameworks */,
				1B651AE61FD3EE1F10AF65F7CB239A88 /* Pods */,
				EB7AB3C93A433EE91FE624A861161B8C /* IOSPlayerLib */,
				D85993CC06B4E6FF333C070C3D479379 /* Triplore */,
				24487C9B1EDE9D120009E8E5 /* TriploreTests */,
				24487C521EDDC76F0009E8E5 /* Products */,
			);
			sourceTree = "<group>";
		};
		7C0B3AD5FADDF09368056650F0AFC38D /* Supporting Files */ = {
			isa = PBXGroup;
			children = (
				2402CE171ED44F690098770A /* Main.storyboard */,
				20B79DEA3F12897AF296001F77BF1507 /* LaunchScreen.storyboard */,
				24487C561EDE4AE10009E8E5 /* Triplore.entitlements */,
				2402CE1B1ED4518D0098770A /* fontawesome-webfont.ttf */,
				78C24628C0C6412E9A13CBB71E045CD0 /* main.m */,
				BC85055B36EFDB21FA5F0EC66B510349 /* Info.plist */,
			);
			name = "Supporting Files";
			sourceTree = "<group>";
		};
		AE7B0A503B5C0627E6732DCEA731DCBD /* Frameworks */ = {
			isa = PBXGroup;
			children = (
				24487C771EDE95F40009E8E5 /* libFMDB.a */,
				24487C671EDE93940009E8E5 /* XCTest.framework */,
				2402CE081ED448080098770A /* libAFNetworking.a */,
				2402CE061ED448020098770A /* libPYSearch.a */,
				00839F9CD39F1FF9413A121FDD955AD3 /* AVFoundation.framework */,
				FD90A432DA9EBB0D11B5BD6D5AAF2833 /* AVKit.framework */,
				CC1BCE8E8A3A31FEB938E964A929BCE4 /* Accelerate.framework */,
				A8AA0D6706E3EDD798E28AD450CFDF4D /* AdSupport.framework */,
				A35E51830A3ACADCBCF954C023DA3F6E /* AssetsLibrary.framework */,
				396E39CB5629CFAC37EFDC74D3B42A0B /* AudioToolbox.framework */,
				D32F2D51E7F37689AC5ADF207FAE092F /* CFNetwork.framework */,
				64839A6F781C6ADF65E2BD7DF92CB968 /* CoreData.framework */,
				F0885822293666BBB560B2D63319B392 /* CoreGraphics.framework */,
				6A2E218FFE71C1DA8195F72216B0B535 /* CoreImage.framework */,
				009FE6B6AA5E449DBFF2DCBDB11EBA55 /* CoreLocation.framework */,
				18B6C9E62BFC95374D89FEB5DBB6234B /* CoreMedia.framework */,
				B16D141D9D0CE7FE6C79EABAE12D181B /* CoreMotion.framework */,
				F319113FE7D117F54D65B585D89441FE /* CoreTelephony.framework */,
				DE7FB993BCAC6D9D07EEECE0BF761B59 /* EventKit.framework */,
				C38C032C4535534575B291AE5BF263DE /* Foundation.framework */,
				8B08D2688BCADB02F86BD69F98CF5449 /* GLKit.framework */,
				8767A3F5A7A86D5F22F365387999B575 /* ImageIO.framework */,
				D88489CFF8784FF458E19F707E1A4C09 /* JavaScriptCore.framework */,
				D2A9124B4BB5C3DC7A39F445E6A7ADF1 /* MediaPlayer.framework */,
				6168E06073E16C88CE77FF95A7BCE0CB /* MessageUI.framework */,
				023F9890AB340E360BA4BE533407EEFF /* MobileCoreServices.framework */,
				06533F5DC144B57B7FBD294A02EE692D /* NotificationCenter.framework */,
				DC5D329302F11FE9DEBEDAF06C83D18E /* OpenAL.framework */,
				91098ED3CE79C2A3C1D9352ABA0D3B3B /* QuartzCore.framework */,
				6B2C4C05ED78DA6FC8E9A0CF802A5D3C /* Security.framework */,
				E0E3D69236D420A532C6764260E20218 /* SystemConfiguration.framework */,
				1888FDD983AF552929BAB17BB00FB287 /* UIKit.framework */,
				C9AE370A641DC16A476DB3BB1100CFFE /* VideoToolbox.framework */,
				A2F46BCEA2D6ABAD893057A8B8B679A0 /* libav.a */,
				DD3EA4DCC6C0474B9765ABFFD5C507F6 /* libc++.tbd */,
				7ACD8D54271EFF475ADE7C23BE0B66A5 /* libiconv.tbd */,
				6A3C4995EAEE3713E3267D32461EB217 /* libsqlite3.tbd */,
				ECB8922F02941B5C20501C7C35A189E8 /* libstdc++.tbd */,
				AEDB8D376C01FCB1000E034F3F59BFC8 /* libxml2.tbd */,
				8D44462E957D18A14DE1549D3A23F867 /* libz.1.tbd */,
				3675D0A9F2445514D4DAC5DC /* libPods-Triplore.a */,
				019209B9EFCD5F97509D90FE /* libPods-TriploreTests.a */,
			);
			name = Frameworks;
			sourceTree = "<group>";
		};
		D85993CC06B4E6FF333C070C3D479379 /* Triplore */ = {
			isa = PBXGroup;
			children = (
				32C6395C9A80B36A76EE7FB85385A3F0 /* Basic UI */,
				2402CE161ED44DD60098770A /* Site */,
				24B810941ED7139B00CD7DC4 /* Note */,
				24B8108B1ED7039100CD7DC4 /* Me */,
				24487C511EDDC7090009E8E5 /* Player */,
				24487C571EDE53490009E8E5 /* DataBase */,
				F5E9831470293F6C7351E91AB5DA8A30 /* ViewController.h */,
				71A44F81AE111CC04878CD49C5E6E129 /* ViewController.m */,
				CEFAA6A02C65FD783B0990FB98EB11CD /* AppDelegate.h */,
				63CDC0EDB85AB41CDA55A41F461F1AB2 /* AppDelegate.m */,
				2489FF1B1EDEE9BF002DCEA0 /* Assistant UI */,
				01F842711EECE53C7C80558C40CF944A /* Utilities.h */,
				F4EC30A36418A591B6379FCD5FA98AA9 /* Utilities.m */,
				6337E04F77C4AECDAC564BE066025797 /* Assets.xcassets */,
				25139507DC2EC1DD4D0CAB080C384E5B /* Tab.xcassets */,
				7C0B3AD5FADDF09368056650F0AFC38D /* Supporting Files */,
			);
			path = Triplore;
			sourceTree = "<group>";
		};
		DC0EF484496DBC1375668BF29A4230CF /* include */ = {
			isa = PBXGroup;
			children = (
				1AC3095A6612B03A93E00DD25B53E49D /* asihttp include */,
				A3D401709B69183C4810D30100EAA80C /* QYPlayerController.h */,
				24487C631EDE66720009E8E5 /* PlayerController.h */,
				24487C621EDE63E30009E8E5 /* QYAVPlayerController.h */,
			);
			path = include;
			sourceTree = "<group>";
		};
		EB7AB3C93A433EE91FE624A861161B8C /* IOSPlayerLib */ = {
			isa = PBXGroup;
			children = (
				DC0EF484496DBC1375668BF29A4230CF /* include */,
				42A73A86EFD2AA39B5EB8842385216CB /* libav.a */,
			);
			path = IOSPlayerLib;
			sourceTree = SOURCE_ROOT;
		};
/* End PBXGroup section */

/* Begin PBXNativeTarget section */
		24487C991EDE9D120009E8E5 /* TriploreTests */ = {
			isa = PBXNativeTarget;
			buildConfigurationList = 24487CA11EDE9D120009E8E5 /* Build configuration list for PBXNativeTarget "TriploreTests" */;
			buildPhases = (
				BD0E843383BCF0B983FB4B6A /* [CP] Check Pods Manifest.lock */,
				24487C961EDE9D120009E8E5 /* Sources */,
				24487C971EDE9D120009E8E5 /* Frameworks */,
				24487C981EDE9D120009E8E5 /* Resources */,
				049E1C858B274455A8EC7851 /* [CP] Embed Pods Frameworks */,
				392FC37858A025858D638255 /* [CP] Copy Pods Resources */,
			);
			buildRules = (
			);
			dependencies = (
				24487CA01EDE9D120009E8E5 /* PBXTargetDependency */,
			);
			name = TriploreTests;
			productName = TriploreTests;
			productReference = 24487C9A1EDE9D120009E8E5 /* TriploreTests.xctest */;
			productType = "com.apple.product-type.bundle.unit-test";
		};
		797C8388D8C8BBE00F20B818DD62D32B /* Triplore */ = {
			isa = PBXNativeTarget;
			buildConfigurationList = 4585509B16CC56DD2133378EEABAFB5D /* Build configuration list for PBXNativeTarget "Triplore" */;
			buildPhases = (
				B6AFDA253032AC2FD1F4732B878AB128 /* [CP] Check Pods Manifest.lock */,
				D18D315E39BEEBBBF4882D56818AB14C /* Sources */,
				91A8B879D4F17E345FAA956ED5DF748A /* Frameworks */,
				DCAAFC85ABF2366E7B85CFF757435BA9 /* Resources */,
				E2CC7CD755204295F77042E7D4F575B5 /* [CP] Embed Pods Frameworks */,
				0682B225233B12B52C143C1988A0CF45 /* [CP] Copy Pods Resources */,
			);
			buildRules = (
			);
			dependencies = (
			);
			name = Triplore;
			productName = Triplore;
			productReference = 081FCF3BA75D0BDDDC42F865555704C7 /* Triplore.app */;
			productType = "com.apple.product-type.application";
		};
/* End PBXNativeTarget section */

/* Begin PBXProject section */
		BB995781A4187BA5B4A8636D16339E49 /* Project object */ = {
			isa = PBXProject;
			attributes = {
				LastUpgradeCheck = 0830;
				ORGANIZATIONNAME = "宋 奎熹";
				TargetAttributes = {
					24487C991EDE9D120009E8E5 = {
						CreatedOnToolsVersion = 8.3.2;
						DevelopmentTeam = VEBQ28K9EA;
						ProvisioningStyle = Automatic;
						TestTargetID = 797C8388D8C8BBE00F20B818DD62D32B;
					};
					797C8388D8C8BBE00F20B818DD62D32B = {
						CreatedOnToolsVersion = 8.3.2;
						DevelopmentTeam = 49PM32K82W;
						ProvisioningStyle = Automatic;
						SystemCapabilities = {
							com.apple.ApplicationGroups.iOS = {
								enabled = 1;
							};
						};
					};
				};
			};
			buildConfigurationList = 4F4B1C02F3773916B8516507BE589499 /* Build configuration list for PBXProject "Triplore" */;
			compatibilityVersion = "Xcode 3.2";
			developmentRegion = English;
			hasScannedForEncodings = 0;
			knownRegions = (
				en,
				Base,
			);
			mainGroup = 57558A6A7D92773D598A8FDBFC9A6B8F;
			productRefGroup = 57558A6A7D92773D598A8FDBFC9A6B8F;
			projectDirPath = "";
			projectRoot = "";
			targets = (
				797C8388D8C8BBE00F20B818DD62D32B /* Triplore */,
				24487C991EDE9D120009E8E5 /* TriploreTests */,
			);
		};
/* End PBXProject section */

/* Begin PBXResourcesBuildPhase section */
		24487C981EDE9D120009E8E5 /* Resources */ = {
			isa = PBXResourcesBuildPhase;
			buildActionMask = 2147483647;
			files = (
			);
			runOnlyForDeploymentPostprocessing = 0;
		};
		DCAAFC85ABF2366E7B85CFF757435BA9 /* Resources */ = {
			isa = PBXResourcesBuildPhase;
			buildActionMask = 2147483647;
			files = (
				E70A2AC020B746963BA30B07F71DA267 /* Assets.xcassets in Resources */,
				4DA4F9E21ED95CA900DA73AA /* TPSiteCollectionViewCell.xib in Resources */,
				4D4DF79C1EE1552C0012F476 /* TPVideoCollectionViewCell.xib in Resources */,
				4D4DF7941EE104920012F476 /* TPCityVideoTableViewCell.xib in Resources */,
				2402CE181ED44F690098770A /* Main.storyboard in Resources */,
				1595F6E052B30961C2885DBFA7A961B2 /* LaunchScreen.storyboard in Resources */,
				4D4DF78F1EE1046F0012F476 /* TPCityInfoTableViewCell.xib in Resources */,
				24487C501EDDB3900009E8E5 /* TPAddTextViewController.xib in Resources */,
				24B810871ED700B500CD7DC4 /* TPMeTableViewCell.xib in Resources */,
				2402CE1C1ED451930098770A /* fontawesome-webfont.ttf in Resources */,
				2402CE1A1ED450790098770A /* TPSiteTableViewCell.xib in Resources */,
				241210F61ED84CD70066B99C /* TPNoteViewTableViewCell.xib in Resources */,
				24B810931ED7139700CD7DC4 /* TPNoteCollectionViewCell.xib in Resources */,
				6B975E58F50BF40D71D495A576232E6A /* Tab.xcassets in Resources */,
			);
			runOnlyForDeploymentPostprocessing = 0;
		};
/* End PBXResourcesBuildPhase section */

/* Begin PBXShellScriptBuildPhase section */
		049E1C858B274455A8EC7851 /* [CP] Embed Pods Frameworks */ = {
			isa = PBXShellScriptBuildPhase;
			buildActionMask = 2147483647;
			files = (
			);
			inputPaths = (
			);
			name = "[CP] Embed Pods Frameworks";
			outputPaths = (
			);
			runOnlyForDeploymentPostprocessing = 0;
			shellPath = /bin/sh;
			shellScript = "\"${SRCROOT}/Pods/Target Support Files/Pods-TriploreTests/Pods-TriploreTests-frameworks.sh\"\n";
			showEnvVarsInLog = 0;
		};
		0682B225233B12B52C143C1988A0CF45 /* [CP] Copy Pods Resources */ = {
			isa = PBXShellScriptBuildPhase;
			buildActionMask = 2147483647;
			files = (
			);
			inputPaths = (
			);
			name = "[CP] Copy Pods Resources";
			outputPaths = (
			);
			runOnlyForDeploymentPostprocessing = 0;
			shellPath = /bin/sh;
			shellScript = "\"${SRCROOT}/Pods/Target Support Files/Pods-Triplore/Pods-Triplore-resources.sh\"\n";
			showEnvVarsInLog = 0;
		};
		392FC37858A025858D638255 /* [CP] Copy Pods Resources */ = {
			isa = PBXShellScriptBuildPhase;
			buildActionMask = 2147483647;
			files = (
			);
			inputPaths = (
			);
			name = "[CP] Copy Pods Resources";
			outputPaths = (
			);
			runOnlyForDeploymentPostprocessing = 0;
			shellPath = /bin/sh;
			shellScript = "\"${SRCROOT}/Pods/Target Support Files/Pods-TriploreTests/Pods-TriploreTests-resources.sh\"\n";
			showEnvVarsInLog = 0;
		};
		B6AFDA253032AC2FD1F4732B878AB128 /* [CP] Check Pods Manifest.lock */ = {
			isa = PBXShellScriptBuildPhase;
			buildActionMask = 2147483647;
			files = (
			);
			inputPaths = (
			);
			name = "[CP] Check Pods Manifest.lock";
			outputPaths = (
			);
			runOnlyForDeploymentPostprocessing = 0;
			shellPath = /bin/sh;
			shellScript = "diff \"${PODS_ROOT}/../Podfile.lock\" \"${PODS_ROOT}/Manifest.lock\" > /dev/null\nif [ $? != 0 ] ; then\n    # print error to STDERR\n    echo \"error: The sandbox is not in sync with the Podfile.lock. Run 'pod install' or update your CocoaPods installation.\" >&2\n    exit 1\nfi\n";
			showEnvVarsInLog = 0;
		};
		BD0E843383BCF0B983FB4B6A /* [CP] Check Pods Manifest.lock */ = {
			isa = PBXShellScriptBuildPhase;
			buildActionMask = 2147483647;
			files = (
			);
			inputPaths = (
			);
			name = "[CP] Check Pods Manifest.lock";
			outputPaths = (
			);
			runOnlyForDeploymentPostprocessing = 0;
			shellPath = /bin/sh;
			shellScript = "diff \"${PODS_ROOT}/../Podfile.lock\" \"${PODS_ROOT}/Manifest.lock\" > /dev/null\nif [ $? != 0 ] ; then\n    # print error to STDERR\n    echo \"error: The sandbox is not in sync with the Podfile.lock. Run 'pod install' or update your CocoaPods installation.\" >&2\n    exit 1\nfi\n";
			showEnvVarsInLog = 0;
		};
		E2CC7CD755204295F77042E7D4F575B5 /* [CP] Embed Pods Frameworks */ = {
			isa = PBXShellScriptBuildPhase;
			buildActionMask = 2147483647;
			files = (
			);
			inputPaths = (
			);
			name = "[CP] Embed Pods Frameworks";
			outputPaths = (
			);
			runOnlyForDeploymentPostprocessing = 0;
			shellPath = /bin/sh;
			shellScript = "\"${SRCROOT}/Pods/Target Support Files/Pods-Triplore/Pods-Triplore-frameworks.sh\"\n";
			showEnvVarsInLog = 0;
		};
/* End PBXShellScriptBuildPhase section */

/* Begin PBXSourcesBuildPhase section */
		24487C961EDE9D120009E8E5 /* Sources */ = {
			isa = PBXSourcesBuildPhase;
			buildActionMask = 2147483647;
			files = (
				24487C9D1EDE9D120009E8E5 /* TriploreTests.m in Sources */,
			);
			runOnlyForDeploymentPostprocessing = 0;
		};
		D18D315E39BEEBBBF4882D56818AB14C /* Sources */ = {
			isa = PBXSourcesBuildPhase;
			buildActionMask = 2147483647;
			files = (
				24487C551EDE4A620009E8E5 /* DBManager.m in Sources */,
				241BC46D1EDFAE2E0056AFCA /* TPVideoManager.m in Sources */,
				241210F51ED84CD70066B99C /* TPNoteViewTableViewCell.m in Sources */,
				4D4DF78E1EE1046F0012F476 /* TPCityInfoTableViewCell.m in Sources */,
				241210EE1ED7EF400066B99C /* TPNoteViewController.m in Sources */,
				24487C4B1EDDB3020009E8E5 /* TPPlayViewController.m in Sources */,
				24B810921ED7139700CD7DC4 /* TPNoteCollectionViewCell.m in Sources */,
				24B8108A1ED700C900CD7DC4 /* TPMeTableViewController.m in Sources */,
				4D4DF7931EE104920012F476 /* TPCityVideoTableViewCell.m in Sources */,
				241C54601EDDA62000E9E8D7 /* TPNoteCreator.m in Sources */,
				4DA4F9E11ED95CA900DA73AA /* TPSiteCollectionViewCell.m in Sources */,
				94880C6467C2655554A2E0A0AF3E14DF /* ActivityIndicatorView.m in Sources */,
				24487CA91EDEB9780009E8E5 /* TPNote.m in Sources */,
				24487C601EDE551D0009E8E5 /* TPSiteTableViewCell.m in Sources */,
				4D98375B0AFAFE086E84D6444C4F89CD /* AppDelegate.m in Sources */,
				2402CE0D1ED4496F0098770A /* TPSiteTableViewController.m in Sources */,
				4D4DF78A1EE104430012F476 /* TPCityTableViewController.m in Sources */,
				24B810861ED700B500CD7DC4 /* TPMeTableViewCell.m in Sources */,
				A98BE4E1C560B68015483E3B4F7F36E9 /* TPTabBarViewController.m in Sources */,
				24B8108E1ED7138900CD7DC4 /* TPNoteCollectionViewController.m in Sources */,
				2489FF1A1EDEE951002DCEA0 /* UIImage+Extend.m in Sources */,
				E6D54AE6FA5C656629E14E4B96825858 /* Utilities.m in Sources */,
				4D4DF7971EE10A4B0012F476 /* TPCategoryButton.m in Sources */,
				4D4DF79B1EE1552C0012F476 /* TPVideoCollectionViewCell.m in Sources */,
				4DA4F9E81ED971C700DA73AA /* TPSiteSearchViewController.m in Sources */,
				24487C4F1EDDB3900009E8E5 /* TPAddTextViewController.m in Sources */,
				241BC4701EDFAE370056AFCA /* TPVideo.m in Sources */,
				24487CA61EDE9FC90009E8E5 /* TPNoteManager.m in Sources */,
				24487CAD1EDEBD6E0009E8E5 /* TPNoteCollectionViewCell+Configure.m in Sources */,
				00A265D1E72E2ACBA479B13E8A172E43 /* ViewController.m in Sources */,
				70A0643C31E32BD015C761D63F503C21 /* main.m in Sources */,
			);
			runOnlyForDeploymentPostprocessing = 0;
		};
/* End PBXSourcesBuildPhase section */

/* Begin PBXTargetDependency section */
		24487CA01EDE9D120009E8E5 /* PBXTargetDependency */ = {
			isa = PBXTargetDependency;
			target = 797C8388D8C8BBE00F20B818DD62D32B /* Triplore */;
			targetProxy = 24487C9F1EDE9D120009E8E5 /* PBXContainerItemProxy */;
		};
/* End PBXTargetDependency section */

/* Begin PBXVariantGroup section */
		20B79DEA3F12897AF296001F77BF1507 /* LaunchScreen.storyboard */ = {
			isa = PBXVariantGroup;
			children = (
				D332A47B7683CC1A82BE265D89CBEE97 /* Base */,
			);
			name = LaunchScreen.storyboard;
			sourceTree = "<group>";
		};
/* End PBXVariantGroup section */

/* Begin XCBuildConfiguration section */
		11ED779EDEC09B8F764B20B692D9ABFD /* Release */ = {
			isa = XCBuildConfiguration;
			baseConfigurationReference = A535AE89645EA4D9CFF1AF6049211570 /* Pods-Triplore.release.xcconfig */;
			buildSettings = {
				ASSETCATALOG_COMPILER_APPICON_NAME = AppIcon;
				CODE_SIGN_ENTITLEMENTS = Triplore/Triplore.entitlements;
				"CODE_SIGN_IDENTITY[sdk=iphoneos*]" = "iPhone Developer";
				DEVELOPMENT_TEAM = 49PM32K82W;
				ENABLE_BITCODE = NO;
				FRAMEWORK_SEARCH_PATHS = "$(PLATFORM_DIR)/Developer/Library/Frameworks";
				INFOPLIST_FILE = Triplore/Info.plist;
				IPHONEOS_DEPLOYMENT_TARGET = 9.0;
				LD_RUNPATH_SEARCH_PATHS = "$(inherited) @executable_path/Frameworks";
				LIBRARY_SEARCH_PATHS = (
					"$(inherited)",
					"$(PROJECT_DIR)/IOSPlayerLib/**",
					"$(PROJECT_DIR)/**",
					"/Users/Kray/Documents/Programming/iOS/Triplore/**",
					"$(PROJECT_DIR)/IOSPlayerLib",
					"$(PROJECT_DIR)/build/Release-iphoneos/PYSearch",
				);
				ONLY_ACTIVE_ARCH = NO;
				OTHER_LDFLAGS = "-ObjC";
				PRODUCT_BUNDLE_IDENTIFIER = sorumi;
				PRODUCT_NAME = "$(TARGET_NAME)";
				PROVISIONING_PROFILE = "";
				PROVISIONING_PROFILE_SPECIFIER = "";
				VALID_ARCHS = "arm64 armv7";
			};
			name = Release;
		};
		15C6A85DEF2076F5E015DF1FE9C864F0 /* Debug */ = {
			isa = XCBuildConfiguration;
			buildSettings = {
				ALWAYS_SEARCH_USER_PATHS = NO;
				CLANG_ANALYZER_NONNULL = YES;
				CLANG_ANALYZER_NUMBER_OBJECT_CONVERSION = YES_AGGRESSIVE;
				CLANG_CXX_LANGUAGE_STANDARD = "gnu++0x";
				CLANG_CXX_LIBRARY = "libc++";
				CLANG_ENABLE_MODULES = YES;
				CLANG_ENABLE_OBJC_ARC = YES;
				CLANG_WARN_BOOL_CONVERSION = YES;
				CLANG_WARN_CONSTANT_CONVERSION = YES;
				CLANG_WARN_DIRECT_OBJC_ISA_USAGE = YES_ERROR;
				CLANG_WARN_DOCUMENTATION_COMMENTS = YES;
				CLANG_WARN_EMPTY_BODY = YES;
				CLANG_WARN_ENUM_CONVERSION = YES;
				CLANG_WARN_INFINITE_RECURSION = YES;
				CLANG_WARN_INT_CONVERSION = YES;
				CLANG_WARN_OBJC_ROOT_CLASS = YES_ERROR;
				CLANG_WARN_SUSPICIOUS_MOVE = YES;
				CLANG_WARN_UNREACHABLE_CODE = YES;
				CLANG_WARN__DUPLICATE_METHOD_MATCH = YES;
				"CODE_SIGN_IDENTITY[sdk=iphoneos*]" = "iPhone Developer";
				COPY_PHASE_STRIP = NO;
				DEBUG_INFORMATION_FORMAT = dwarf;
				ENABLE_BITCODE = NO;
				ENABLE_STRICT_OBJC_MSGSEND = YES;
				ENABLE_TESTABILITY = YES;
				GCC_C_LANGUAGE_STANDARD = gnu99;
				GCC_DYNAMIC_NO_PIC = NO;
				GCC_NO_COMMON_BLOCKS = YES;
				GCC_OPTIMIZATION_LEVEL = 0;
				GCC_PREPROCESSOR_DEFINITIONS = (
					"DEBUG=1",
					"$(inherited)",
				);
				GCC_WARN_64_TO_32_BIT_CONVERSION = YES;
				GCC_WARN_ABOUT_RETURN_TYPE = YES_ERROR;
				GCC_WARN_UNDECLARED_SELECTOR = YES;
				GCC_WARN_UNINITIALIZED_AUTOS = YES_AGGRESSIVE;
				GCC_WARN_UNUSED_FUNCTION = YES;
				GCC_WARN_UNUSED_VARIABLE = YES;
				IPHONEOS_DEPLOYMENT_TARGET = 10.3;
				MTL_ENABLE_DEBUG_INFO = YES;
				ONLY_ACTIVE_ARCH = NO;
				SDKROOT = iphoneos;
				VALID_ARCHS = armv7;
			};
			name = Debug;
		};
		24487CA21EDE9D120009E8E5 /* Debug */ = {
			isa = XCBuildConfiguration;
			baseConfigurationReference = 75BB30CCBAF8CB6D85E127CF /* Pods-TriploreTests.debug.xcconfig */;
			buildSettings = {
				BUNDLE_LOADER = "$(TEST_HOST)";
				DEVELOPMENT_TEAM = VEBQ28K9EA;
				INFOPLIST_FILE = TriploreTests/Info.plist;
				LD_RUNPATH_SEARCH_PATHS = "$(inherited) @executable_path/Frameworks @loader_path/Frameworks";
				ONLY_ACTIVE_ARCH = NO;
				PRODUCT_BUNDLE_IDENTIFIER = com.krayc.TriploreTests;
				PRODUCT_NAME = "$(TARGET_NAME)";
				TEST_HOST = "$(BUILT_PRODUCTS_DIR)/Triplore.app/Triplore";
			};
			name = Debug;
		};
		24487CA31EDE9D120009E8E5 /* Release */ = {
			isa = XCBuildConfiguration;
			baseConfigurationReference = C72C2F25A67FC3D23C593B4C /* Pods-TriploreTests.release.xcconfig */;
			buildSettings = {
				BUNDLE_LOADER = "$(TEST_HOST)";
				DEVELOPMENT_TEAM = VEBQ28K9EA;
				INFOPLIST_FILE = TriploreTests/Info.plist;
				LD_RUNPATH_SEARCH_PATHS = "$(inherited) @executable_path/Frameworks @loader_path/Frameworks";
				PRODUCT_BUNDLE_IDENTIFIER = com.krayc.TriploreTests;
				PRODUCT_NAME = "$(TARGET_NAME)";
				TEST_HOST = "$(BUILT_PRODUCTS_DIR)/Triplore.app/Triplore";
			};
			name = Release;
		};
		42A9AD9C67316A2614D272789CFD2EA9 /* Debug */ = {
			isa = XCBuildConfiguration;
			baseConfigurationReference = 9CA195B63E6F036193069B281699689A /* Pods-Triplore.debug.xcconfig */;
			buildSettings = {
				ASSETCATALOG_COMPILER_APPICON_NAME = AppIcon;
				CODE_SIGN_ENTITLEMENTS = Triplore/Triplore.entitlements;
				"CODE_SIGN_IDENTITY[sdk=iphoneos*]" = "iPhone Developer";
				DEVELOPMENT_TEAM = 49PM32K82W;
				ENABLE_BITCODE = NO;
				FRAMEWORK_SEARCH_PATHS = "$(PLATFORM_DIR)/Developer/Library/Frameworks";
				INFOPLIST_FILE = Triplore/Info.plist;
				IPHONEOS_DEPLOYMENT_TARGET = 9.0;
				LD_RUNPATH_SEARCH_PATHS = "$(inherited) @executable_path/Frameworks";
				LIBRARY_SEARCH_PATHS = (
					"$(inherited)",
					"$(PROJECT_DIR)/IOSPlayerLib/**",
					"$(PROJECT_DIR)/**",
					"/Users/Kray/Documents/Programming/iOS/Triplore/**",
					"$(PROJECT_DIR)/IOSPlayerLib",
					"$(PROJECT_DIR)/build/Release-iphoneos/PYSearch",
				);
				ONLY_ACTIVE_ARCH = NO;
				OTHER_LDFLAGS = "-ObjC";
				PRODUCT_BUNDLE_IDENTIFIER = sorumi;
				PRODUCT_NAME = "$(TARGET_NAME)";
				PROVISIONING_PROFILE = "";
				PROVISIONING_PROFILE_SPECIFIER = "";
				VALID_ARCHS = armv7;
			};
			name = Debug;
		};
		ADF464CB1C9A7EB916E785EB665FACDB /* Release */ = {
			isa = XCBuildConfiguration;
			buildSettings = {
				ALWAYS_SEARCH_USER_PATHS = NO;
				CLANG_ANALYZER_NONNULL = YES;
				CLANG_ANALYZER_NUMBER_OBJECT_CONVERSION = YES_AGGRESSIVE;
				CLANG_CXX_LANGUAGE_STANDARD = "gnu++0x";
				CLANG_CXX_LIBRARY = "libc++";
				CLANG_ENABLE_MODULES = YES;
				CLANG_ENABLE_OBJC_ARC = YES;
				CLANG_WARN_BOOL_CONVERSION = YES;
				CLANG_WARN_CONSTANT_CONVERSION = YES;
				CLANG_WARN_DIRECT_OBJC_ISA_USAGE = YES_ERROR;
				CLANG_WARN_DOCUMENTATION_COMMENTS = YES;
				CLANG_WARN_EMPTY_BODY = YES;
				CLANG_WARN_ENUM_CONVERSION = YES;
				CLANG_WARN_INFINITE_RECURSION = YES;
				CLANG_WARN_INT_CONVERSION = YES;
				CLANG_WARN_OBJC_ROOT_CLASS = YES_ERROR;
				CLANG_WARN_SUSPICIOUS_MOVE = YES;
				CLANG_WARN_UNREACHABLE_CODE = YES;
				CLANG_WARN__DUPLICATE_METHOD_MATCH = YES;
				"CODE_SIGN_IDENTITY[sdk=iphoneos*]" = "iPhone Developer";
				COPY_PHASE_STRIP = NO;
				DEBUG_INFORMATION_FORMAT = "dwarf-with-dsym";
				ENABLE_BITCODE = NO;
				ENABLE_NS_ASSERTIONS = NO;
				ENABLE_STRICT_OBJC_MSGSEND = YES;
				GCC_C_LANGUAGE_STANDARD = gnu99;
				GCC_NO_COMMON_BLOCKS = YES;
				GCC_WARN_64_TO_32_BIT_CONVERSION = YES;
				GCC_WARN_ABOUT_RETURN_TYPE = YES_ERROR;
				GCC_WARN_UNDECLARED_SELECTOR = YES;
				GCC_WARN_UNINITIALIZED_AUTOS = YES_AGGRESSIVE;
				GCC_WARN_UNUSED_FUNCTION = YES;
				GCC_WARN_UNUSED_VARIABLE = YES;
				IPHONEOS_DEPLOYMENT_TARGET = 10.3;
				MTL_ENABLE_DEBUG_INFO = NO;
				SDKROOT = iphoneos;
				VALIDATE_PRODUCT = YES;
				VALID_ARCHS = "arm64 armv7";
			};
			name = Release;
		};
/* End XCBuildConfiguration section */

/* Begin XCConfigurationList section */
		24487CA11EDE9D120009E8E5 /* Build configuration list for PBXNativeTarget "TriploreTests" */ = {
			isa = XCConfigurationList;
			buildConfigurations = (
				24487CA21EDE9D120009E8E5 /* Debug */,
				24487CA31EDE9D120009E8E5 /* Release */,
			);
			defaultConfigurationIsVisible = 0;
			defaultConfigurationName = Release;
		};
		4585509B16CC56DD2133378EEABAFB5D /* Build configuration list for PBXNativeTarget "Triplore" */ = {
			isa = XCConfigurationList;
			buildConfigurations = (
				42A9AD9C67316A2614D272789CFD2EA9 /* Debug */,
				11ED779EDEC09B8F764B20B692D9ABFD /* Release */,
			);
			defaultConfigurationIsVisible = 0;
			defaultConfigurationName = Release;
		};
		4F4B1C02F3773916B8516507BE589499 /* Build configuration list for PBXProject "Triplore" */ = {
			isa = XCConfigurationList;
			buildConfigurations = (
				15C6A85DEF2076F5E015DF1FE9C864F0 /* Debug */,
				ADF464CB1C9A7EB916E785EB665FACDB /* Release */,
			);
			defaultConfigurationIsVisible = 0;
			defaultConfigurationName = Release;
		};
/* End XCConfigurationList section */
	};
	rootObject = BB995781A4187BA5B4A8636D16339E49 /* Project object */;
}
